
Microsoft Visual Studio Solution File, Format Version 12.00
# Visual Studio Version 16
VisualStudioVersion = 16.0.33214.272
MinimumVisualStudioVersion = 10.0.40219.1
Project("{8BC9CEB8-8B4A-11D0-8D11-00A0C91BC942}") = "Singly Linked list using Class", "Singly Linked list using Class\Singly Linked list using Class.vcxproj", "{1B53854A-BFE1-447C-9EC4-310BBD641786}"
EndProject
Global
	GlobalSection(SolutionConfigurationPlatforms) = preSolution
		Debug|x64 = Debug|x64
		Debug|x86 = Debug|x86
		Release|x64 = Release|x64
		Release|x86 = Release|x86
	EndGlobalSection
	GlobalSection(ProjectConfigurationPlatforms) = postSolution
		{1B53854A-BFE1-447C-9EC4-310BBD641786}.Debug|x64.ActiveCfg = Debug|x64
		{1B53854A-BFE1-447C-9EC4-310BBD641786}.Debug|x64.Build.0 = Debug|x64
		{1B53854A-BFE1-447C-9EC4-310BBD641786}.Debug|x86.ActiveCfg = Debug|Win32
		{1B53854A-BFE1-447C-9EC4-310BBD641786}.Debug|x86.Build.0 = Debug|Win32
		{1B53854A-BFE1-447C-9EC4-310BBD641786}.Release|x64.ActiveCfg = Release|x64
		{1B53854A-BFE1-447C-9EC4-310BBD641786}.Release|x64.Build.0 = Release|x64
		{1B53854A-BFE1-447C-9EC4-310BBD641786}.Release|x86.ActiveCfg = Release|Win32
		{1B53854A-BFE1-447C-9EC4-310BBD641786}.Release|x86.Build.0 = Release|Win32
	EndGlobalSection
	GlobalSection(SolutionProperties) = preSolution
		HideSolutionNode = FALSE
	EndGlobalSection
	GlobalSection(ExtensibilityGlobals) = postSolution
		SolutionGuid = {09FF2744-B105-404A-848F-4E5CA9EEAA7C}
	EndGlobalSection
EndGlobal
