<?xml version="1.0" encoding="utf-8"?>
<Project ToolsVersion="4.0" xmlns="http://schemas.microsoft.com/developer/msbuild/2003">
  <ItemGroup>
    <Filter Include="Source Files">
      <UniqueIdentifier>{4FC737F1-C7A5-4376-A066-2A32D752A2FF}</UniqueIdentifier>
      <Extensions>cpp;c;cc;cxx;def;odl;idl;hpj;bat;asm;asmx</Extensions>
    </Filter>
    <Filter Include="Header Files">
      <UniqueIdentifier>{93995380-89BD-4b04-88EB-625FBE52EBFB}</UniqueIdentifier>
      <Extensions>h;hpp;hxx;hm;inl;inc;xsd</Extensions>
    </Filter>
    <Filter Include="Resource Files">
      <UniqueIdentifier>{67DA6AB6-F800-4c08-8B7A-83BB121AAD01}</UniqueIdentifier>
      <Extensions>rc;ico;cur;bmp;dlg;rc2;rct;bin;rgs;gif;jpg;jpeg;jpe;resx;tiff;tif;png;wav</Extensions>
    </Filter>
    <Filter Include="System">
      <UniqueIdentifier>{5e1ca68a-138f-4603-b104-d8a213d65ea8}</UniqueIdentifier>
    </Filter>
    <Filter Include="Utlis">
      <UniqueIdentifier>{8b54428d-8f7b-4495-b9be-0b1dd3727a44}</UniqueIdentifier>
    </Filter>
  </ItemGroup>
  <ItemGroup>
    <ClCompile Include="MaxGPattern.cpp">
      <Filter>Source Files</Filter>
    </ClCompile>
    <ClCompile Include="pch.cpp">
      <Filter>Source Files</Filter>
    </ClCompile>
    <ClCompile Include="..\..\..\Max Secure\Source\Common\System\MaxExceptionFilter.cpp">
      <Filter>System</Filter>
    </ClCompile>
    <ClCompile Include="..\..\..\Max Secure\Source\Common\System\ProductInfo.cpp">
      <Filter>System</Filter>
    </ClCompile>
    <ClCompile Include="..\..\..\Max Secure\Source\Common\System\Registry.cpp">
      <Filter>System</Filter>
    </ClCompile>
    <ClCompile Include="..\..\..\Max Secure\Source\Common\Utils\MaxDigitalSigCheck.cpp">
      <Filter>Utlis</Filter>
    </ClCompile>
    <ClCompile Include="..\..\..\Max Secure\Source\Common\Utils\MaxRandomPattern.cpp">
      <Filter>Utlis</Filter>
    </ClCompile>
    <ClCompile Include="..\..\..\Max Secure\Source\Common\Utils\VerInfo.cpp">
      <Filter>Utlis</Filter>
    </ClCompile>
  </ItemGroup>
  <ItemGroup>
    <ClInclude Include="MaxGPattern.h">
      <Filter>Header Files</Filter>
    </ClInclude>
    <ClInclude Include="resource.h">
      <Filter>Header Files</Filter>
    </ClInclude>
    <ClInclude Include="pch.h">
      <Filter>Header Files</Filter>
    </ClInclude>
    <ClInclude Include="targetver.h">
      <Filter>Header Files</Filter>
    </ClInclude>
    <ClInclude Include="..\..\..\Max Secure\Source\Common\System\MaxExceptionFilter.h">
      <Filter>System</Filter>
    </ClInclude>
    <ClInclude Include="..\..\..\Max Secure\Source\Common\System\ProductInfo.h">
      <Filter>System</Filter>
    </ClInclude>
    <ClInclude Include="..\..\..\Max Secure\Source\Common\System\Registry.h">
      <Filter>System</Filter>
    </ClInclude>
    <ClInclude Include="..\..\..\Max Secure\Source\Common\Utils\MaxDigitalSigCheck.h">
      <Filter>Utlis</Filter>
    </ClInclude>
    <ClInclude Include="..\..\..\Max Secure\Source\Common\Utils\MaxRandomPattern.h">
      <Filter>Utlis</Filter>
    </ClInclude>
    <ClInclude Include="..\..\..\Max Secure\Source\Common\Utils\VerInfo.h">
      <Filter>Utlis</Filter>
    </ClInclude>
  </ItemGroup>
  <ItemGroup>
    <ResourceCompile Include="MaxGPattern.rc">
      <Filter>Resource Files</Filter>
    </ResourceCompile>
  </ItemGroup>
  <ItemGroup>
    <Text Include="ReadMe.txt" />
  </ItemGroup>
</Project>