<?xml version="1.0" encoding="utf-8"?>
<Project ToolsVersion="4.0" xmlns="http://schemas.microsoft.com/developer/msbuild/2003">
  <ItemGroup>
    <Filter Include="Source Files">
      <UniqueIdentifier>{86a4e623-b70b-4ac5-8f98-9d455217eaf3}</UniqueIdentifier>
      <Extensions>cpp;c;cxx;rc;def;r;odl;idl;hpj;bat</Extensions>
    </Filter>
    <Filter Include="Header Files">
      <UniqueIdentifier>{3de81d43-72b1-4603-a88f-390211113445}</UniqueIdentifier>
      <Extensions>h;hpp;hxx;hm;inl</Extensions>
    </Filter>
  </ItemGroup>
  <ItemGroup>
    <ResourceCompile Include="DisasmEngineDll.rc">
      <Filter>Source Files</Filter>
    </ResourceCompile>
  </ItemGroup>
  <ItemGroup>
    <ClCompile Include="..\source\ExeHeader.c">
      <Filter>Source Files</Filter>
    </ClCompile>
    <ClCompile Include="..\source\ScanExe.c">
      <Filter>Source Files</Filter>
    </ClCompile>
    <ClCompile Include="..\source\Signature.c">
      <Filter>Source Files</Filter>
    </ClCompile>
    <ClCompile Include="..\source\Source.c">
      <Filter>Source Files</Filter>
    </ClCompile>
  </ItemGroup>
  <ItemGroup>
    <ClInclude Include="..\header\ElfFormat.h">
      <Filter>Header Files</Filter>
    </ClInclude>
    <ClInclude Include="..\header\PEFormat.h">
      <Filter>Header Files</Filter>
    </ClInclude>
    <ClInclude Include="..\header\PROTYPE.h">
      <Filter>Header Files</Filter>
    </ClInclude>
    <ClInclude Include="resource.h">
      <Filter>Header Files</Filter>
    </ClInclude>
    <ClInclude Include="..\header\Scan.h">
      <Filter>Header Files</Filter>
    </ClInclude>
    <ClInclude Include="..\header\Source.h">
      <Filter>Header Files</Filter>
    </ClInclude>
  </ItemGroup>
</Project>