<?xml version="1.0" encoding="utf-8"?>
<Project ToolsVersion="4.0" xmlns="http://schemas.microsoft.com/developer/msbuild/2003">
  <ItemGroup>
    <Filter Include="Source Files">
      <UniqueIdentifier>{4FC737F1-C7A5-4376-A066-2A32D752A2FF}</UniqueIdentifier>
      <Extensions>cpp;c;cc;cxx;def;odl;idl;hpj;bat;asm;asmx</Extensions>
    </Filter>
    <Filter Include="Header Files">
      <UniqueIdentifier>{93995380-89BD-4b04-88EB-625FBE52EBFB}</UniqueIdentifier>
      <Extensions>h;hpp;hxx;hm;inl;inc;xsd</Extensions>
    </Filter>
    <Filter Include="Resource Files">
      <UniqueIdentifier>{67DA6AB6-F800-4c08-8B7A-83BB121AAD01}</UniqueIdentifier>
      <Extensions>rc;ico;cur;bmp;dlg;rc2;rct;bin;rgs;gif;jpg;jpeg;jpe;resx;tiff;tif;png;wav</Extensions>
    </Filter>
    <Filter Include="BalBST">
      <UniqueIdentifier>{bd481dbc-29cb-4744-bc26-014d3ae299b6}</UniqueIdentifier>
    </Filter>
    <Filter Include="Database">
      <UniqueIdentifier>{7f957160-dc30-47d5-ba03-34abe5d7c428}</UniqueIdentifier>
    </Filter>
    <Filter Include="PESignature">
      <UniqueIdentifier>{792e4f71-6d1c-4e9a-9506-e64660338c78}</UniqueIdentifier>
    </Filter>
    <Filter Include="Protection">
      <UniqueIdentifier>{471e4ea8-4cc7-46e2-84cd-90de5a8223b8}</UniqueIdentifier>
    </Filter>
    <Filter Include="System">
      <UniqueIdentifier>{a7b7d0e6-3565-441e-9d43-a732f9222c62}</UniqueIdentifier>
    </Filter>
    <Filter Include="Communication">
      <UniqueIdentifier>{b8737aec-53c2-4f71-aa58-ddbd8d10ec2b}</UniqueIdentifier>
    </Filter>
  </ItemGroup>
  <ItemGroup>
    <ClCompile Include="MaxDBCache.cpp">
      <Filter>Source Files</Filter>
    </ClCompile>
    <ClCompile Include="MaxDBServer.cpp">
      <Filter>Source Files</Filter>
    </ClCompile>
    <ClCompile Include="pch.cpp">
      <Filter>Source Files</Filter>
    </ClCompile>
    <ClCompile Include="..\..\..\Max Secure\Source\Common\BalBst\BalBST.cpp">
      <Filter>BalBST</Filter>
    </ClCompile>
    <ClCompile Include="..\..\..\Max Secure\Source\Common\BalBst\BalBSTOpt.cpp">
      <Filter>BalBST</Filter>
    </ClCompile>
    <ClCompile Include="..\..\..\Max Secure\Source\Common\BalBst\BufferToStructure.cpp">
      <Filter>BalBST</Filter>
    </ClCompile>
    <ClCompile Include="..\..\..\Max Secure\Source\Common\BalBst\PtrStack.cpp">
      <Filter>BalBST</Filter>
    </ClCompile>
    <ClCompile Include="..\..\..\Max Secure\Source\Common\BalBst\RemoveDB.cpp">
      <Filter>BalBST</Filter>
    </ClCompile>
    <ClCompile Include="..\..\..\Max Secure\Source\Common\BalBst\S2S.cpp">
      <Filter>BalBST</Filter>
    </ClCompile>
    <ClCompile Include="..\..\..\Max Secure\Source\Common\BalBst\S2U.cpp">
      <Filter>BalBST</Filter>
    </ClCompile>
    <ClCompile Include="..\..\..\Max Secure\Source\Common\BalBst\S2UA.cpp">
      <Filter>BalBST</Filter>
    </ClCompile>
    <ClCompile Include="..\..\..\Max Secure\Source\Common\BalBst\ThreatInfo.cpp">
      <Filter>BalBST</Filter>
    </ClCompile>
    <ClCompile Include="..\..\..\Max Secure\Source\Common\BalBst\U2S.cpp">
      <Filter>BalBST</Filter>
    </ClCompile>
    <ClCompile Include="..\..\..\Max Secure\Source\Common\BalBst\U2SA.cpp">
      <Filter>BalBST</Filter>
    </ClCompile>
    <ClCompile Include="..\..\..\Max Secure\Source\Common\Database\ExcludeDb.cpp">
      <Filter>Database</Filter>
    </ClCompile>
    <ClCompile Include="..\..\..\Max Secure\Source\Common\PESignature\Signature.cpp">
      <Filter>PESignature</Filter>
    </ClCompile>
    <ClCompile Include="..\..\..\Max Secure\Source\Common\Protection\MaxProtectionMgr.cpp">
      <Filter>Protection</Filter>
    </ClCompile>
    <ClCompile Include="..\..\..\Max Secure\Source\Common\System\MaxExceptionFilter.cpp">
      <Filter>System</Filter>
    </ClCompile>
    <ClCompile Include="..\..\..\Max Secure\Source\Common\Communication\MaxCommunicator.cpp">
      <Filter>Communication</Filter>
    </ClCompile>
    <ClCompile Include="..\..\..\Max Secure\Source\Common\Communication\MaxCommunicatorServer.cpp">
      <Filter>Communication</Filter>
    </ClCompile>
    <ClCompile Include="..\..\..\Max Secure\Source\Common\Communication\MaxNamedPipeListener.cpp">
      <Filter>Communication</Filter>
    </ClCompile>
    <ClCompile Include="..\..\..\Max Secure\Source\Common\Communication\MaxProcessReg.cpp">
      <Filter>Communication</Filter>
    </ClCompile>
  </ItemGroup>
  <ItemGroup>
    <ClInclude Include="..\..\..\Max Secure\Source\Common\MaxConstant.h">
      <Filter>Header Files</Filter>
    </ClInclude>
    <ClInclude Include="MaxDBCache.h">
      <Filter>Header Files</Filter>
    </ClInclude>
    <ClInclude Include="MaxDBServer.h">
      <Filter>Header Files</Filter>
    </ClInclude>
    <ClInclude Include="Resource.h">
      <Filter>Header Files</Filter>
    </ClInclude>
    <ClInclude Include="pch.h">
      <Filter>Header Files</Filter>
    </ClInclude>
    <ClInclude Include="targetver.h">
      <Filter>Header Files</Filter>
    </ClInclude>
    <ClInclude Include="..\..\..\Max Secure\Source\Common\BalBst\BalBST.h">
      <Filter>BalBST</Filter>
    </ClInclude>
    <ClInclude Include="..\..\..\Max Secure\Source\Common\BalBst\BalBSTOpt.h">
      <Filter>BalBST</Filter>
    </ClInclude>
    <ClInclude Include="..\..\..\Max Secure\Source\Common\BalBst\BufferToStructure.h">
      <Filter>BalBST</Filter>
    </ClInclude>
    <ClInclude Include="..\..\..\Max Secure\Source\Common\BalBst\PtrStack.h">
      <Filter>BalBST</Filter>
    </ClInclude>
    <ClInclude Include="..\..\..\Max Secure\Source\Common\BalBst\RemoveDB.h">
      <Filter>BalBST</Filter>
    </ClInclude>
    <ClInclude Include="..\..\..\Max Secure\Source\Common\BalBst\S2S.h">
      <Filter>BalBST</Filter>
    </ClInclude>
    <ClInclude Include="..\..\..\Max Secure\Source\Common\BalBst\S2U.h">
      <Filter>BalBST</Filter>
    </ClInclude>
    <ClInclude Include="..\..\..\Max Secure\Source\Common\BalBst\S2UA.h">
      <Filter>BalBST</Filter>
    </ClInclude>
    <ClInclude Include="..\..\..\Max Secure\Source\Common\BalBst\ThreatInfo.h">
      <Filter>BalBST</Filter>
    </ClInclude>
    <ClInclude Include="..\..\..\Max Secure\Source\Common\BalBst\U2S.h">
      <Filter>BalBST</Filter>
    </ClInclude>
    <ClInclude Include="..\..\..\Max Secure\Source\Common\BalBst\U2SA.h">
      <Filter>BalBST</Filter>
    </ClInclude>
    <ClInclude Include="..\..\..\Max Secure\Source\Common\Database\ExcludeDb.h">
      <Filter>Database</Filter>
    </ClInclude>
    <ClInclude Include="..\..\..\Max Secure\Source\Common\Protection\MaxProtectionConst.h">
      <Filter>Protection</Filter>
    </ClInclude>
    <ClInclude Include="..\..\..\Max Secure\Source\Common\Protection\MaxProtectionMgr.h">
      <Filter>Protection</Filter>
    </ClInclude>
    <ClInclude Include="..\..\..\Max Secure\Source\Common\System\MaxExceptionFilter.h">
      <Filter>System</Filter>
    </ClInclude>
    <ClInclude Include="..\..\..\Max Secure\Source\Common\Communication\MaxCommunicator.h">
      <Filter>Communication</Filter>
    </ClInclude>
    <ClInclude Include="..\..\..\Max Secure\Source\Common\Communication\MaxCommunicatorServer.h">
      <Filter>Communication</Filter>
    </ClInclude>
    <ClInclude Include="..\..\..\Max Secure\Source\Common\Communication\MaxNamedPipeListener.h">
      <Filter>Communication</Filter>
    </ClInclude>
    <ClInclude Include="..\..\..\Max Secure\Source\Common\Communication\MaxProcessReg.h">
      <Filter>Communication</Filter>
    </ClInclude>
  </ItemGroup>
  <ItemGroup>
    <ResourceCompile Include="MaxDBServer.rc">
      <Filter>Resource Files</Filter>
    </ResourceCompile>
  </ItemGroup>
  <ItemGroup>
    <Text Include="ReadMe.txt" />
  </ItemGroup>
  <ItemGroup>
    <Image Include="MainFrame.ico">
      <Filter>Resource Files</Filter>
    </Image>
  </ItemGroup>
</Project>