<?xml version="1.0" encoding="utf-8"?>
<Project ToolsVersion="4.0" xmlns="http://schemas.microsoft.com/developer/msbuild/2003">
  <ItemGroup>
    <Filter Include="Source Files">
      <UniqueIdentifier>{4FC737F1-C7A5-4376-A066-2A32D752A2FF}</UniqueIdentifier>
      <Extensions>cpp;c;cc;cxx;def;odl;idl;hpj;bat;asm;asmx</Extensions>
    </Filter>
    <Filter Include="Header Files">
      <UniqueIdentifier>{93995380-89BD-4b04-88EB-625FBE52EBFB}</UniqueIdentifier>
      <Extensions>h;hpp;hxx;hm;inl;inc;xsd</Extensions>
    </Filter>
    <Filter Include="Resource Files">
      <UniqueIdentifier>{67DA6AB6-F800-4c08-8B7A-83BB121AAD01}</UniqueIdentifier>
      <Extensions>rc;ico;cur;bmp;dlg;rc2;rct;bin;rgs;gif;jpg;jpeg;jpe;resx;tiff;tif;png;wav</Extensions>
    </Filter>
    <Filter Include="Scanner">
      <UniqueIdentifier>{dd71b4f0-9601-43c4-8031-55cab823b0a4}</UniqueIdentifier>
    </Filter>
    <Filter Include="BalBST">
      <UniqueIdentifier>{49cbeea1-ba79-4a8a-8d15-b110843adfb4}</UniqueIdentifier>
    </Filter>
    <Filter Include="System">
      <UniqueIdentifier>{a9ac5be6-10d9-44c1-8a83-469154f16a88}</UniqueIdentifier>
    </Filter>
    <Filter Include="Database">
      <UniqueIdentifier>{c099742d-303d-46af-bfb7-918f534f7ea4}</UniqueIdentifier>
    </Filter>
    <Filter Include="Utils">
      <UniqueIdentifier>{16a5407e-ea10-46cf-b35e-9eb8f2fa5734}</UniqueIdentifier>
    </Filter>
    <Filter Include="Quarantine">
      <UniqueIdentifier>{ff99a092-4e03-4b4e-8904-f174bdb24534}</UniqueIdentifier>
    </Filter>
    <Filter Include="PESignature">
      <UniqueIdentifier>{4dd14634-8a5c-42e9-9392-f319d89c879c}</UniqueIdentifier>
    </Filter>
    <Filter Include="VirusScanner">
      <UniqueIdentifier>{79907b75-7a27-45fa-8d83-eb93e04f00fc}</UniqueIdentifier>
    </Filter>
    <Filter Include="Communication">
      <UniqueIdentifier>{3b8b07bf-9571-43de-b6bb-eeee122514c7}</UniqueIdentifier>
    </Filter>
    <Filter Include="MaxScanner">
      <UniqueIdentifier>{b8e54213-a97e-45bb-ada3-4479e32833f6}</UniqueIdentifier>
    </Filter>
    <Filter Include="Un7Zip">
      <UniqueIdentifier>{84d762a9-613e-4301-bbb5-2696920d6a92}</UniqueIdentifier>
    </Filter>
    <Filter Include="MAXSCRIPT">
      <UniqueIdentifier>{3a92f414-c88c-4278-9056-1233943fd5ad}</UniqueIdentifier>
    </Filter>
  </ItemGroup>
  <ItemGroup>
    <ClCompile Include="SDScanner.cpp">
      <Filter>Source Files</Filter>
    </ClCompile>
    <ClCompile Include="pch.cpp">
      <Filter>Source Files</Filter>
    </ClCompile>
    <ClCompile Include="Scanner\FileSystemBase.cpp">
      <Filter>Scanner</Filter>
    </ClCompile>
    <ClCompile Include="Scanner\FileSystemScanner.cpp">
      <Filter>Scanner</Filter>
    </ClCompile>
    <ClCompile Include="Scanner\NetworkScanner.cpp">
      <Filter>Scanner</Filter>
    </ClCompile>
    <ClCompile Include="Scanner\ProcessScanner.cpp">
      <Filter>Scanner</Filter>
    </ClCompile>
    <ClCompile Include="..\..\..\Max Secure\Source\Common\Utils\ReferencesScanner.cpp">
      <Filter>Scanner</Filter>
    </ClCompile>
    <ClCompile Include="Scanner\RegistryBase.cpp">
      <Filter>Scanner</Filter>
    </ClCompile>
    <ClCompile Include="Scanner\RegistryScanner.cpp">
      <Filter>Scanner</Filter>
    </ClCompile>
    <ClCompile Include="Scanner\ScannerBase.cpp">
      <Filter>Scanner</Filter>
    </ClCompile>
    <ClCompile Include="Scanner\SpyScanner.cpp">
      <Filter>Scanner</Filter>
    </ClCompile>
    <ClCompile Include="Scanner\StartupScanner.cpp">
      <Filter>Scanner</Filter>
    </ClCompile>
    <ClCompile Include="..\..\..\Max Secure\Source\Common\BalBst\BalBST.cpp">
      <Filter>BalBST</Filter>
    </ClCompile>
    <ClCompile Include="..\..\..\Max Secure\Source\Common\BalBst\BalBSTOpt.cpp">
      <Filter>BalBST</Filter>
    </ClCompile>
    <ClCompile Include="..\..\..\Max Secure\Source\Common\BalBst\BBBSt.cpp">
      <Filter>BalBST</Filter>
    </ClCompile>
    <ClCompile Include="..\..\..\Max Secure\Source\Common\BalBst\BBSt.cpp">
      <Filter>BalBST</Filter>
    </ClCompile>
    <ClCompile Include="..\..\..\Max Secure\Source\Common\BalBst\BlackDBManager.cpp">
      <Filter>BalBST</Filter>
    </ClCompile>
    <ClCompile Include="..\..\..\Max Secure\Source\Common\BalBst\BSArray.cpp">
      <Filter>BalBST</Filter>
    </ClCompile>
    <ClCompile Include="..\..\..\Max Secure\Source\Common\BalBst\BufferToStructure.cpp">
      <Filter>BalBST</Filter>
    </ClCompile>
    <ClCompile Include="..\..\..\Max Secure\Source\Common\BalBst\FSDB.cpp">
      <Filter>BalBST</Filter>
    </ClCompile>
    <ClCompile Include="..\..\..\Max Secure\Source\Common\BalBst\FullFileSigDBManager.cpp">
      <Filter>BalBST</Filter>
    </ClCompile>
    <ClCompile Include="..\..\..\Max Secure\Source\Common\BalBst\MaxNewPESig.cpp">
      <Filter>BalBST</Filter>
    </ClCompile>
    <ClCompile Include="..\..\..\Max Secure\Source\Common\BalBst\MaxQSort.cpp">
      <Filter>BalBST</Filter>
    </ClCompile>
    <ClCompile Include="..\..\..\Max Secure\Source\Common\BalBst\MaxSmallPESig.cpp">
      <Filter>BalBST</Filter>
    </ClCompile>
    <ClCompile Include="..\..\..\Max Secure\Source\Common\BalBst\MD5DB.cpp">
      <Filter>BalBST</Filter>
    </ClCompile>
    <ClCompile Include="..\..\..\Max Secure\Source\Common\BalBst\PtrStack.cpp">
      <Filter>BalBST</Filter>
    </ClCompile>
    <ClCompile Include="..\..\..\Max Secure\Source\Common\BalBst\Q2S.cpp">
      <Filter>BalBST</Filter>
    </ClCompile>
    <ClCompile Include="..\..\..\Max Secure\Source\Common\BalBst\RegFix.cpp">
      <Filter>BalBST</Filter>
    </ClCompile>
    <ClCompile Include="..\..\..\Max Secure\Source\Common\BalBst\RemoveDB.cpp">
      <Filter>BalBST</Filter>
    </ClCompile>
    <ClCompile Include="..\..\..\Max Secure\Source\Common\BalBst\S2OS2O.cpp">
      <Filter>BalBST</Filter>
    </ClCompile>
    <ClCompile Include="..\..\..\Max Secure\Source\Common\BalBst\S2OS2U.cpp">
      <Filter>BalBST</Filter>
    </ClCompile>
    <ClCompile Include="..\..\..\Max Secure\Source\Common\BalBst\S2S.cpp">
      <Filter>BalBST</Filter>
    </ClCompile>
    <ClCompile Include="..\..\..\Max Secure\Source\Common\BalBst\S2U.cpp">
      <Filter>BalBST</Filter>
    </ClCompile>
    <ClCompile Include="..\..\..\Max Secure\Source\Common\BalBst\U2OS2O.cpp">
      <Filter>BalBST</Filter>
    </ClCompile>
    <ClCompile Include="..\..\..\Max Secure\Source\Common\BalBst\U2OS2U.cpp">
      <Filter>BalBST</Filter>
    </ClCompile>
    <ClCompile Include="..\..\..\Max Secure\Source\Common\BalBst\U2OU2O.cpp">
      <Filter>BalBST</Filter>
    </ClCompile>
    <ClCompile Include="..\..\..\Max Secure\Source\Common\BalBst\U2S.cpp">
      <Filter>BalBST</Filter>
    </ClCompile>
    <ClCompile Include="..\..\..\Max Secure\Source\Common\BalBst\UUSSU.cpp">
      <Filter>BalBST</Filter>
    </ClCompile>
    <ClCompile Include="..\..\..\Max Secure\Source\Common\BalBst\WhiteSigDBManager.cpp">
      <Filter>BalBST</Filter>
    </ClCompile>
    <ClCompile Include="..\..\..\Max Secure\Source\Common\System\CPUInfo.cpp">
      <Filter>System</Filter>
    </ClCompile>
    <ClCompile Include="..\..\..\Max Secure\Source\Common\System\DBPathExpander.cpp">
      <Filter>System</Filter>
    </ClCompile>
    <ClCompile Include="..\..\..\Max Secure\Source\Common\System\DirectoryManager.cpp">
      <Filter>System</Filter>
    </ClCompile>
    <ClCompile Include="..\..\..\Max Secure\Source\Common\System\EnumProcess.cpp">
      <Filter>System</Filter>
    </ClCompile>
    <ClCompile Include="..\..\..\Max Secure\Source\Common\System\FileOperations.cpp">
      <Filter>System</Filter>
    </ClCompile>
    <ClCompile Include="..\..\..\Max Secure\Source\Common\System\HardDiskManager.cpp">
      <Filter>System</Filter>
    </ClCompile>
    <ClCompile Include="..\..\..\Max Secure\Source\Common\System\MaxExceptionFilter.cpp">
      <Filter>System</Filter>
    </ClCompile>
    <ClCompile Include="..\..\..\Max Secure\Source\Common\System\NetworkFunctions.cpp">
      <Filter>System</Filter>
    </ClCompile>
    <ClCompile Include="..\..\..\Max Secure\Source\Common\System\NetWorkUserValidation.cpp">
      <Filter>System</Filter>
    </ClCompile>
    <ClCompile Include="..\..\..\Max Secure\Source\Common\System\ProductInfo.cpp">
      <Filter>System</Filter>
    </ClCompile>
    <ClCompile Include="..\..\..\Max Secure\Source\Common\System\Registry.cpp">
      <Filter>System</Filter>
    </ClCompile>
    <ClCompile Include="..\..\..\Max Secure\Source\Common\System\RegistryHelper.cpp">
      <Filter>System</Filter>
    </ClCompile>
    <ClCompile Include="..\..\..\Max Secure\Source\Common\System\SDSystemInfo.cpp">
      <Filter>System</Filter>
    </ClCompile>
    <ClCompile Include="..\..\..\Max Secure\Source\Common\Database\FileSignatureDb.cpp">
      <Filter>Database</Filter>
    </ClCompile>
    <ClCompile Include="..\..\..\Max Secure\Source\Common\Database\MaxDSrvWrapper.cpp">
      <Filter>Database</Filter>
    </ClCompile>
    <ClCompile Include="..\..\..\Max Secure\Source\Common\Database\MaxVirDB.cpp">
      <Filter>Database</Filter>
    </ClCompile>
    <ClCompile Include="..\..\..\Max Secure\Source\Common\Utils\AdwarePatternScan.cpp">
      <Filter>Utils</Filter>
    </ClCompile>
    <ClCompile Include="..\..\..\Max Secure\Source\Common\Utils\BackupOperations.cpp">
      <Filter>Utils</Filter>
    </ClCompile>
    <ClCompile Include="..\..\..\Max Secure\Source\Common\Utils\Cryptor.cpp">
      <Filter>Utils</Filter>
    </ClCompile>
    <ClCompile Include="..\..\..\Max Secure\Source\Common\Utils\ExecuteProcess.cpp">
      <Filter>Utils</Filter>
    </ClCompile>
    <ClCompile Include="..\..\..\Max Secure\Source\Common\Utils\FileOperation.cpp">
      <Filter>Utils</Filter>
    </ClCompile>
    <ClCompile Include="..\..\..\Max Secure\Source\Common\Utils\Logger.cpp">
      <Filter>Utils</Filter>
    </ClCompile>
    <ClCompile Include="..\..\..\Max Secure\Source\Common\Utils\MaxDigitalSigCheck.cpp">
      <Filter>Utils</Filter>
    </ClCompile>
    <ClCompile Include="..\..\..\Max Secure\Source\Common\Utils\PatternFileScanner.cpp">
      <Filter>Utils</Filter>
    </ClCompile>
    <ClCompile Include="..\..\..\Max Secure\Source\Common\Utils\RegPathExpander.cpp">
      <Filter>Utils</Filter>
    </ClCompile>
    <ClCompile Include="..\..\..\Max Secure\Source\Common\Utils\SysFiles.cpp">
      <Filter>Utils</Filter>
    </ClCompile>
    <ClCompile Include="..\..\..\Max Secure\Source\Common\Utils\TaskHostScan.cpp">
      <Filter>Utils</Filter>
    </ClCompile>
    <ClCompile Include="..\..\..\Max Secure\Source\Common\Utils\UserTrackingSystem.cpp">
      <Filter>Utils</Filter>
    </ClCompile>
    <ClCompile Include="..\..\..\Max Secure\Source\Common\Utils\VerInfo.cpp">
      <Filter>Utils</Filter>
    </ClCompile>
    <ClCompile Include="..\..\..\Max Secure\Source\Common\Quarantine\ThreatManager.cpp">
      <Filter>Quarantine</Filter>
    </ClCompile>
    <ClCompile Include="..\..\..\Max Secure\Source\Common\PESignature\FileSig.cpp">
      <Filter>PESignature</Filter>
    </ClCompile>
    <ClCompile Include="..\..\..\Max Secure\Source\Common\PESignature\InstantScanner.cpp">
      <Filter>PESignature</Filter>
    </ClCompile>
    <ClCompile Include="..\..\..\Max Secure\Source\Common\PESignature\PEFileSig.cpp">
      <Filter>PESignature</Filter>
    </ClCompile>
    <ClCompile Include="..\..\..\Max Secure\Source\Common\PESignature\Signature.cpp">
      <Filter>PESignature</Filter>
    </ClCompile>
    <ClCompile Include="..\..\..\Max Secure\Source\Common\VirusScanner\MaxVirusScanner.cpp">
      <Filter>VirusScanner</Filter>
    </ClCompile>
    <ClCompile Include="..\..\..\Max Secure\Source\Common\VirusScanner\VirusScannerBase.cpp">
      <Filter>VirusScanner</Filter>
    </ClCompile>
    <ClCompile Include="..\..\..\Max Secure\Source\Common\Communication\CriticalSection.cpp">
      <Filter>Communication</Filter>
    </ClCompile>
    <ClCompile Include="..\..\..\Max Secure\Source\Common\Communication\MaxCommunicator.cpp">
      <Filter>Communication</Filter>
    </ClCompile>
    <ClCompile Include="..\..\..\Max Secure\Source\Common\MaxScanner\MaxMachineLearning.cpp">
      <Filter>MaxScanner</Filter>
    </ClCompile>
    <ClCompile Include="..\..\..\Max Secure\Source\Common\maxscanner\MaxPEFile.cpp">
      <Filter>MaxScanner</Filter>
    </ClCompile>
    <ClCompile Include="..\..\..\Max Secure\Source\Common\maxscanner\MaxProcessScanner.cpp">
      <Filter>MaxScanner</Filter>
    </ClCompile>
    <ClCompile Include="..\..\..\Max Secure\Source\Common\maxscanner\MaxScanner.cpp">
      <Filter>MaxScanner</Filter>
    </ClCompile>
    <ClCompile Include="..\..\..\Max Secure\Source\Common\Un7Zip\C7zDLL.cpp">
      <Filter>Un7Zip</Filter>
    </ClCompile>
    <ClCompile Include="..\..\..\MaxAntiVirus\Source\MaxAVDBScan\ScriptSig.cpp">
      <Filter>MAXSCRIPT</Filter>
    </ClCompile>
  </ItemGroup>
  <ItemGroup>
    <None Include="SDScanner.def">
      <Filter>Source Files</Filter>
    </None>
    <None Include="res\SDScanner.rc2">
      <Filter>Resource Files</Filter>
    </None>
  </ItemGroup>
  <ItemGroup>
    <ClInclude Include="..\..\..\Max Secure\Source\Common\Constants.h">
      <Filter>Header Files</Filter>
    </ClInclude>
    <ClInclude Include="..\..\..\Max Secure\Source\Common\MaxConstant.h">
      <Filter>Header Files</Filter>
    </ClInclude>
    <ClInclude Include="Resource.h">
      <Filter>Header Files</Filter>
    </ClInclude>
    <ClInclude Include="..\..\..\Max Secure\Source\Common\SDConstants.h">
      <Filter>Header Files</Filter>
    </ClInclude>
    <ClInclude Include="..\..\..\Max Secure\Source\Common\SDSAConstants.h">
      <Filter>Header Files</Filter>
    </ClInclude>
    <ClInclude Include="SDScanner.h">
      <Filter>Header Files</Filter>
    </ClInclude>
    <ClInclude Include="pch.h">
      <Filter>Header Files</Filter>
    </ClInclude>
    <ClInclude Include="targetver.h">
      <Filter>Header Files</Filter>
    </ClInclude>
    <ClInclude Include="Scanner\FileSystemBase.h">
      <Filter>Scanner</Filter>
    </ClInclude>
    <ClInclude Include="Scanner\FileSystemScanner.h">
      <Filter>Scanner</Filter>
    </ClInclude>
    <ClInclude Include="Scanner\NetworkScanner.h">
      <Filter>Scanner</Filter>
    </ClInclude>
    <ClInclude Include="Scanner\ProcessScanner.h">
      <Filter>Scanner</Filter>
    </ClInclude>
    <ClInclude Include="..\..\..\Max Secure\Source\Common\Utils\ReferencesScanner.h">
      <Filter>Scanner</Filter>
    </ClInclude>
    <ClInclude Include="Scanner\RegistryBase.h">
      <Filter>Scanner</Filter>
    </ClInclude>
    <ClInclude Include="Scanner\RegistryScanner.h">
      <Filter>Scanner</Filter>
    </ClInclude>
    <ClInclude Include="Scanner\ScannerBase.h">
      <Filter>Scanner</Filter>
    </ClInclude>
    <ClInclude Include="Scanner\SpyScanner.h">
      <Filter>Scanner</Filter>
    </ClInclude>
    <ClInclude Include="Scanner\StartupScanner.h">
      <Filter>Scanner</Filter>
    </ClInclude>
    <ClInclude Include="..\..\..\Max Secure\Source\Common\BalBst\BalBST.h">
      <Filter>BalBST</Filter>
    </ClInclude>
    <ClInclude Include="..\..\..\Max Secure\Source\Common\BalBst\BalBSTOpt.h">
      <Filter>BalBST</Filter>
    </ClInclude>
    <ClInclude Include="..\..\..\Max Secure\Source\Common\BalBst\BBBSt.h">
      <Filter>BalBST</Filter>
    </ClInclude>
    <ClInclude Include="..\..\..\Max Secure\Source\Common\BalBst\BBSt.h">
      <Filter>BalBST</Filter>
    </ClInclude>
    <ClInclude Include="..\..\..\Max Secure\Source\Common\BalBst\BlackDBManager.h">
      <Filter>BalBST</Filter>
    </ClInclude>
    <ClInclude Include="..\..\..\Max Secure\Source\Common\BalBst\BSArray.h">
      <Filter>BalBST</Filter>
    </ClInclude>
    <ClInclude Include="..\..\..\Max Secure\Source\Common\BalBst\BufferToStructure.h">
      <Filter>BalBST</Filter>
    </ClInclude>
    <ClInclude Include="..\..\..\Max Secure\Source\Common\BalBst\FSDB.h">
      <Filter>BalBST</Filter>
    </ClInclude>
    <ClInclude Include="..\..\..\Max Secure\Source\Common\BalBst\FullFileSigDBManager.h">
      <Filter>BalBST</Filter>
    </ClInclude>
    <ClInclude Include="..\..\..\Max Secure\Source\Common\BalBst\MaxNewPESig.h">
      <Filter>BalBST</Filter>
    </ClInclude>
    <ClInclude Include="..\..\..\Max Secure\Source\Common\BalBst\MaxQSort.h">
      <Filter>BalBST</Filter>
    </ClInclude>
    <ClInclude Include="..\..\..\Max Secure\Source\Common\BalBst\MaxSmallPESig.h">
      <Filter>BalBST</Filter>
    </ClInclude>
    <ClInclude Include="..\..\..\Max Secure\Source\Common\BalBst\MD5DB.h">
      <Filter>BalBST</Filter>
    </ClInclude>
    <ClInclude Include="..\..\..\Max Secure\Source\Common\BalBst\PtrStack.h">
      <Filter>BalBST</Filter>
    </ClInclude>
    <ClInclude Include="..\..\..\Max Secure\Source\Common\BalBst\Q2S.h">
      <Filter>BalBST</Filter>
    </ClInclude>
    <ClInclude Include="..\..\..\Max Secure\Source\Common\BalBst\RegFix.h">
      <Filter>BalBST</Filter>
    </ClInclude>
    <ClInclude Include="..\..\..\Max Secure\Source\Common\BalBst\RemoveDB.h">
      <Filter>BalBST</Filter>
    </ClInclude>
    <ClInclude Include="..\..\..\Max Secure\Source\Common\BalBst\S2OS2O.h">
      <Filter>BalBST</Filter>
    </ClInclude>
    <ClInclude Include="..\..\..\Max Secure\Source\Common\BalBst\S2OS2U.h">
      <Filter>BalBST</Filter>
    </ClInclude>
    <ClInclude Include="..\..\..\Max Secure\Source\Common\BalBst\S2S.h">
      <Filter>BalBST</Filter>
    </ClInclude>
    <ClInclude Include="..\..\..\Max Secure\Source\Common\BalBst\S2U.h">
      <Filter>BalBST</Filter>
    </ClInclude>
    <ClInclude Include="..\..\..\Max Secure\Source\Common\BalBst\U2OS2O.h">
      <Filter>BalBST</Filter>
    </ClInclude>
    <ClInclude Include="..\..\..\Max Secure\Source\Common\BalBst\U2OS2U.h">
      <Filter>BalBST</Filter>
    </ClInclude>
    <ClInclude Include="..\..\..\Max Secure\Source\Common\BalBst\U2OU2O.h">
      <Filter>BalBST</Filter>
    </ClInclude>
    <ClInclude Include="..\..\..\Max Secure\Source\Common\BalBst\U2S.h">
      <Filter>BalBST</Filter>
    </ClInclude>
    <ClInclude Include="..\..\..\Max Secure\Source\Common\BalBst\UUSSU.h">
      <Filter>BalBST</Filter>
    </ClInclude>
    <ClInclude Include="..\..\..\Max Secure\Source\Common\BalBst\WhiteSigDBManager.h">
      <Filter>BalBST</Filter>
    </ClInclude>
    <ClInclude Include="..\..\..\Max Secure\Source\Common\System\CPUInfo.h">
      <Filter>System</Filter>
    </ClInclude>
    <ClInclude Include="..\..\..\Max Secure\Source\Common\System\DBPathExpander.h">
      <Filter>System</Filter>
    </ClInclude>
    <ClInclude Include="..\..\..\Max Secure\Source\Common\System\DirectoryManager.h">
      <Filter>System</Filter>
    </ClInclude>
    <ClInclude Include="..\..\..\Max Secure\Source\Common\System\Enumprocess.h">
      <Filter>System</Filter>
    </ClInclude>
    <ClInclude Include="..\..\..\Max Secure\Source\Common\System\FileOperations.h">
      <Filter>System</Filter>
    </ClInclude>
    <ClInclude Include="..\..\..\Max Secure\Source\Common\System\HardDiskManager.h">
      <Filter>System</Filter>
    </ClInclude>
    <ClInclude Include="..\..\..\Max Secure\Source\Common\System\MaxExceptionFilter.h">
      <Filter>System</Filter>
    </ClInclude>
    <ClInclude Include="..\..\..\Max Secure\Source\Common\System\NetworkFunctions.h">
      <Filter>System</Filter>
    </ClInclude>
    <ClInclude Include="..\..\..\Max Secure\Source\Common\System\NetWorkUserValidation.h">
      <Filter>System</Filter>
    </ClInclude>
    <ClInclude Include="..\..\..\Max Secure\Source\Common\System\PEFormat.H">
      <Filter>System</Filter>
    </ClInclude>
    <ClInclude Include="..\..\..\Max Secure\Source\Common\System\ProductInfo.h">
      <Filter>System</Filter>
    </ClInclude>
    <ClInclude Include="..\..\..\Max Secure\Source\Common\System\Registry.h">
      <Filter>System</Filter>
    </ClInclude>
    <ClInclude Include="..\..\..\Max Secure\Source\Common\System\RegistryHelper.h">
      <Filter>System</Filter>
    </ClInclude>
    <ClInclude Include="..\..\..\Max Secure\Source\Common\System\SDSystemInfo.h">
      <Filter>System</Filter>
    </ClInclude>
    <ClInclude Include="..\..\..\Max Secure\Source\Common\Database\FileSignatureDb.h">
      <Filter>Database</Filter>
    </ClInclude>
    <ClInclude Include="..\..\..\Max Secure\Source\Common\Database\MaxDSrvWrapper.h">
      <Filter>Database</Filter>
    </ClInclude>
    <ClInclude Include="..\..\..\Max Secure\Source\Common\Database\MaxVirDB.h">
      <Filter>Database</Filter>
    </ClInclude>
    <ClInclude Include="..\..\..\Max Secure\Source\Common\Utils\AdwarePatternScan.h">
      <Filter>Utils</Filter>
    </ClInclude>
    <ClInclude Include="..\..\..\Max Secure\Source\Common\Utils\BackupOperations.h">
      <Filter>Utils</Filter>
    </ClInclude>
    <ClInclude Include="..\..\..\Max Secure\Source\Common\Utils\Cryptor.h">
      <Filter>Utils</Filter>
    </ClInclude>
    <ClInclude Include="..\..\..\Max Secure\Source\Common\Utils\ExecuteProcess.h">
      <Filter>Utils</Filter>
    </ClInclude>
    <ClInclude Include="..\..\..\Max Secure\Source\Common\Utils\FileOperation.h">
      <Filter>Utils</Filter>
    </ClInclude>
    <ClInclude Include="..\..\..\Max Secure\Source\Common\Utils\Logger.h">
      <Filter>Utils</Filter>
    </ClInclude>
    <ClInclude Include="..\..\..\Max Secure\Source\Common\Utils\MaxDigitalSigCheck.h">
      <Filter>Utils</Filter>
    </ClInclude>
    <ClInclude Include="..\..\..\Max Secure\Source\Common\Utils\PatternFileScanner.h">
      <Filter>Utils</Filter>
    </ClInclude>
    <ClInclude Include="..\..\..\Max Secure\Source\Common\Utils\RegPathExpander.h">
      <Filter>Utils</Filter>
    </ClInclude>
    <ClInclude Include="..\..\..\Max Secure\Source\Common\Utils\ReqStruct.h">
      <Filter>Utils</Filter>
    </ClInclude>
    <ClInclude Include="..\..\..\Max Secure\Source\Common\Utils\SysFiles.h">
      <Filter>Utils</Filter>
    </ClInclude>
    <ClInclude Include="..\..\..\Max Secure\Source\Common\Utils\TaskHostScan.h">
      <Filter>Utils</Filter>
    </ClInclude>
    <ClInclude Include="..\..\..\Max Secure\Source\Common\Utils\UserTrackingSystem.h">
      <Filter>Utils</Filter>
    </ClInclude>
    <ClInclude Include="..\..\..\Max Secure\Source\Common\Utils\VerInfo.h">
      <Filter>Utils</Filter>
    </ClInclude>
    <ClInclude Include="..\..\..\Max Secure\Source\Common\Quarantine\ThreatManager.h">
      <Filter>Quarantine</Filter>
    </ClInclude>
    <ClInclude Include="..\..\..\Max Secure\Source\Common\PESignature\FileSig.h">
      <Filter>PESignature</Filter>
    </ClInclude>
    <ClInclude Include="..\..\..\Max Secure\Source\Common\PESignature\InstantScanner.h">
      <Filter>PESignature</Filter>
    </ClInclude>
    <ClInclude Include="..\..\..\Max Secure\Source\Common\PESignature\PEConstants.h">
      <Filter>PESignature</Filter>
    </ClInclude>
    <ClInclude Include="..\..\..\Max Secure\Source\Common\PESignature\PEFileSig.h">
      <Filter>PESignature</Filter>
    </ClInclude>
    <ClInclude Include="..\..\..\Max Secure\Source\Common\VirusScanner\MaxVirusScanner.h">
      <Filter>VirusScanner</Filter>
    </ClInclude>
    <ClInclude Include="..\..\..\Max Secure\Source\Common\VirusScanner\VirusScannerBase.h">
      <Filter>VirusScanner</Filter>
    </ClInclude>
    <ClInclude Include="..\..\..\Max Secure\Source\Common\Communication\CriticalSection.h">
      <Filter>Communication</Filter>
    </ClInclude>
    <ClInclude Include="..\..\..\Max Secure\Source\Common\Communication\MaxCommunicator.h">
      <Filter>Communication</Filter>
    </ClInclude>
    <ClInclude Include="..\..\..\Max Secure\Source\Common\maxscanner\ADSConstants.h">
      <Filter>MaxScanner</Filter>
    </ClInclude>
    <ClInclude Include="..\..\..\Max Secure\Source\Common\MaxScanner\MaxMachineLearning.h">
      <Filter>MaxScanner</Filter>
    </ClInclude>
    <ClInclude Include="..\..\..\Max Secure\Source\Common\maxscanner\MaxPEFile.h">
      <Filter>MaxScanner</Filter>
    </ClInclude>
    <ClInclude Include="..\..\..\Max Secure\Source\Common\maxscanner\MaxProcessScanner.h">
      <Filter>MaxScanner</Filter>
    </ClInclude>
    <ClInclude Include="..\..\..\Max Secure\Source\Common\maxscanner\MaxScanner.h">
      <Filter>MaxScanner</Filter>
    </ClInclude>
    <ClInclude Include="..\..\..\Max Secure\Source\Common\Un7Zip\C7zDLL.h">
      <Filter>Un7Zip</Filter>
    </ClInclude>
    <ClInclude Include="..\..\..\MaxAntiVirus\Source\MaxAVDBScan\ScriptSig.h">
      <Filter>MAXSCRIPT</Filter>
    </ClInclude>
  </ItemGroup>
  <ItemGroup>
    <ResourceCompile Include="SDScanner.rc">
      <Filter>Resource Files</Filter>
    </ResourceCompile>
  </ItemGroup>
</Project>