<?xml version="1.0" encoding="utf-8"?>
<Project ToolsVersion="4.0" xmlns="http://schemas.microsoft.com/developer/msbuild/2003">
  <ItemGroup>
    <Filter Include="Source Files">
      <UniqueIdentifier>{4FC737F1-C7A5-4376-A066-2A32D752A2FF}</UniqueIdentifier>
      <Extensions>cpp;c;cc;cxx;def;odl;idl;hpj;bat;asm;asmx</Extensions>
    </Filter>
    <Filter Include="Header Files">
      <UniqueIdentifier>{93995380-89BD-4b04-88EB-625FBE52EBFB}</UniqueIdentifier>
      <Extensions>h;hpp;hxx;hm;inl;inc;xsd</Extensions>
    </Filter>
    <Filter Include="Resource Files">
      <UniqueIdentifier>{67DA6AB6-F800-4c08-8B7A-83BB121AAD01}</UniqueIdentifier>
      <Extensions>rc;ico;cur;bmp;dlg;rc2;rct;bin;rgs;gif;jpg;jpeg;jpe;resx;tiff;tif;png;wav</Extensions>
    </Filter>
    <Filter Include="Communication">
      <UniqueIdentifier>{f4057956-3fa9-46bb-9816-43f3b3c14169}</UniqueIdentifier>
    </Filter>
    <Filter Include="BalBST">
      <UniqueIdentifier>{193d8b2c-4bcc-4495-9524-28593a97869e}</UniqueIdentifier>
    </Filter>
    <Filter Include="OptionTab">
      <UniqueIdentifier>{44c8ec80-7d02-4965-81f5-d9fe94286a91}</UniqueIdentifier>
    </Filter>
    <Filter Include="System">
      <UniqueIdentifier>{f70cfeeb-4f13-40af-8cfc-6c9e3c2be8a7}</UniqueIdentifier>
    </Filter>
    <Filter Include="Utils">
      <UniqueIdentifier>{0199b9ac-bbcb-4292-a9fa-df8aad856f9a}</UniqueIdentifier>
    </Filter>
    <Filter Include="PESignature">
      <UniqueIdentifier>{a5323e80-3af0-48ac-ba60-9ec3b0bcd191}</UniqueIdentifier>
    </Filter>
    <Filter Include="Protection">
      <UniqueIdentifier>{ad9a7b4e-eb53-43cb-9285-9bc1ae412c35}</UniqueIdentifier>
    </Filter>
    <Filter Include="Database">
      <UniqueIdentifier>{4329e617-f884-4d10-a19b-206d30961f5f}</UniqueIdentifier>
    </Filter>
  </ItemGroup>
  <ItemGroup>
    <ClCompile Include="MaxDBScanner.cpp">
      <Filter>Source Files</Filter>
    </ClCompile>
    <ClCompile Include="MaxInitScanner.cpp">
      <Filter>Source Files</Filter>
    </ClCompile>
    <ClCompile Include="MaxScanner.cpp">
      <Filter>Source Files</Filter>
    </ClCompile>
    <ClCompile Include="OptionHandler.cpp">
      <Filter>Source Files</Filter>
    </ClCompile>
    <ClCompile Include="PluginHandler.cpp">
      <Filter>Source Files</Filter>
    </ClCompile>
    <ClCompile Include="QuarentineHandler.cpp">
      <Filter>Source Files</Filter>
    </ClCompile>
    <ClCompile Include="RecoverHandler.cpp">
      <Filter>Source Files</Filter>
    </ClCompile>
    <ClCompile Include="SDRestriction.cpp">
      <Filter>Source Files</Filter>
    </ClCompile>
    <ClCompile Include="pch.cpp">
      <Filter>Source Files</Filter>
    </ClCompile>
    <ClCompile Include="ThreatCommunityHandler.cpp">
      <Filter>Source Files</Filter>
    </ClCompile>
    <ClCompile Include="..\..\..\Max Secure\Source\Common\Communication\CriticalSection.cpp">
      <Filter>Communication</Filter>
    </ClCompile>
    <ClCompile Include="..\..\..\Max Secure\Source\Common\Communication\MaxCommunicator.cpp">
      <Filter>Communication</Filter>
    </ClCompile>
    <ClCompile Include="..\..\..\Max Secure\Source\Common\Communication\MaxCommunicatorServer.cpp">
      <Filter>Communication</Filter>
    </ClCompile>
    <ClCompile Include="..\..\..\Max Secure\Source\Common\Communication\MaxNamedPipeListener.cpp">
      <Filter>Communication</Filter>
    </ClCompile>
    <ClCompile Include="..\..\..\Max Secure\Source\Common\Communication\MaxProcessReg.cpp">
      <Filter>Communication</Filter>
    </ClCompile>
    <ClCompile Include="..\..\..\Max Secure\Source\Common\BalBst\BalBST.cpp">
      <Filter>BalBST</Filter>
    </ClCompile>
    <ClCompile Include="..\..\..\Max Secure\Source\Common\BalBst\PtrStack.cpp">
      <Filter>BalBST</Filter>
    </ClCompile>
    <ClCompile Include="..\..\..\Max Secure\Source\Common\BalBst\S2S.cpp">
      <Filter>BalBST</Filter>
    </ClCompile>
    <ClCompile Include="..\..\..\Max Secure\Source\Common\BalBst\S2U.cpp">
      <Filter>BalBST</Filter>
    </ClCompile>
    <ClCompile Include="..\..\..\Max Secure\Source\Common\BalBst\U2OS2U.cpp">
      <Filter>BalBST</Filter>
    </ClCompile>
    <ClCompile Include="..\..\..\Max Secure\Source\Common\BalBst\U2OU2O.cpp">
      <Filter>BalBST</Filter>
    </ClCompile>
    <ClCompile Include="..\..\..\Max Secure\Source\Common\BalBst\U2U.cpp">
      <Filter>BalBST</Filter>
    </ClCompile>
    <ClCompile Include="..\..\..\Max Secure\Source\Common\OptionTab\OptionTabFunctions.cpp">
      <Filter>OptionTab</Filter>
    </ClCompile>
    <ClCompile Include="..\..\..\Max Secure\Source\Common\System\CPUInfo.cpp">
      <Filter>System</Filter>
    </ClCompile>
    <ClCompile Include="..\..\..\Max Secure\Source\Common\System\DBPathExpander.cpp">
      <Filter>System</Filter>
    </ClCompile>
    <ClCompile Include="..\..\..\Max Secure\Source\Common\System\DirectoryManager.cpp">
      <Filter>System</Filter>
    </ClCompile>
    <ClCompile Include="..\..\..\Max Secure\Source\Common\system\EnumProcess.cpp">
      <Filter>System</Filter>
    </ClCompile>
    <ClCompile Include="..\..\..\Max Secure\Source\Common\Utils\ExecuteProcess.cpp">
      <Filter>System</Filter>
    </ClCompile>
    <ClCompile Include="..\..\..\Max Secure\Source\Common\System\HardDiskManager.cpp">
      <Filter>System</Filter>
    </ClCompile>
    <ClCompile Include="..\..\..\Max Secure\Source\Common\System\MaxExceptionFilter.cpp">
      <Filter>System</Filter>
    </ClCompile>
    <ClCompile Include="..\..\..\Max Secure\Source\Common\System\ProductInfo.cpp">
      <Filter>System</Filter>
    </ClCompile>
    <ClCompile Include="..\..\..\Max Secure\Source\Common\System\Registry.cpp">
      <Filter>System</Filter>
    </ClCompile>
    <ClCompile Include="..\..\..\Max Secure\Source\Common\System\RegistryHelper.cpp">
      <Filter>System</Filter>
    </ClCompile>
    <ClCompile Include="..\..\..\Max Secure\Source\Common\System\SDSystemInfo.cpp">
      <Filter>System</Filter>
    </ClCompile>
    <ClCompile Include="..\..\..\Max Secure\Source\Common\Utils\ReferencesScanner.cpp">
      <Filter>Utils</Filter>
    </ClCompile>
    <ClCompile Include="..\..\..\Max Secure\Source\Common\Utils\RegPathExpander.cpp">
      <Filter>Utils</Filter>
    </ClCompile>
    <ClCompile Include="..\..\..\Max Secure\Source\Common\Utils\SysFiles.cpp">
      <Filter>Utils</Filter>
    </ClCompile>
    <ClCompile Include="..\..\..\Max Secure\Source\Common\PESignature\Signature.cpp">
      <Filter>PESignature</Filter>
    </ClCompile>
    <ClCompile Include="..\..\..\Max Secure\Source\Common\Protection\MaxProtectionMgr.cpp">
      <Filter>Protection</Filter>
    </ClCompile>
    <ClCompile Include="..\..\..\Max Secure\Source\Common\Database\MaxDSrvWrapper.cpp">
      <Filter>Database</Filter>
    </ClCompile>
  </ItemGroup>
  <ItemGroup>
    <ClInclude Include="..\..\..\Max Secure\Source\Common\MaxConstant.h">
      <Filter>Header Files</Filter>
    </ClInclude>
    <ClInclude Include="MaxDBScanner.h">
      <Filter>Header Files</Filter>
    </ClInclude>
    <ClInclude Include="MaxInitScanner.h">
      <Filter>Header Files</Filter>
    </ClInclude>
    <ClInclude Include="MaxScanner.h">
      <Filter>Header Files</Filter>
    </ClInclude>
    <ClInclude Include="OptionHandler.h">
      <Filter>Header Files</Filter>
    </ClInclude>
    <ClInclude Include="PluginHandler.h">
      <Filter>Header Files</Filter>
    </ClInclude>
    <ClInclude Include="QuarentineHandler.h">
      <Filter>Header Files</Filter>
    </ClInclude>
    <ClInclude Include="RecoverHandler.h">
      <Filter>Header Files</Filter>
    </ClInclude>
    <ClInclude Include="Resource.h">
      <Filter>Header Files</Filter>
    </ClInclude>
    <ClInclude Include="..\..\..\Max Secure\Source\Common\SDConstants.h">
      <Filter>Header Files</Filter>
    </ClInclude>
    <ClInclude Include="SDRestriction.h">
      <Filter>Header Files</Filter>
    </ClInclude>
    <ClInclude Include="pch.h">
      <Filter>Header Files</Filter>
    </ClInclude>
    <ClInclude Include="targetver.h">
      <Filter>Header Files</Filter>
    </ClInclude>
    <ClInclude Include="ThreatCommunityHandler.h">
      <Filter>Header Files</Filter>
    </ClInclude>
    <ClInclude Include="..\..\..\Max Secure\Source\Common\Communication\CriticalSection.h">
      <Filter>Communication</Filter>
    </ClInclude>
    <ClInclude Include="..\..\..\Max Secure\Source\Common\Communication\MaxCommunicator.h">
      <Filter>Communication</Filter>
    </ClInclude>
    <ClInclude Include="..\..\..\Max Secure\Source\Common\Communication\MaxCommunicatorServer.h">
      <Filter>Communication</Filter>
    </ClInclude>
    <ClInclude Include="..\..\..\Max Secure\Source\Common\Communication\MaxNamedPipeListener.h">
      <Filter>Communication</Filter>
    </ClInclude>
    <ClInclude Include="..\..\..\Max Secure\Source\Common\Communication\MaxPipes.h">
      <Filter>Communication</Filter>
    </ClInclude>
    <ClInclude Include="..\..\..\Max Secure\Source\Common\Communication\MaxProcessReg.h">
      <Filter>Communication</Filter>
    </ClInclude>
    <ClInclude Include="..\..\..\Max Secure\Source\Common\BalBst\BalBST.h">
      <Filter>BalBST</Filter>
    </ClInclude>
    <ClInclude Include="..\..\..\Max Secure\Source\Common\BalBst\PtrStack.h">
      <Filter>BalBST</Filter>
    </ClInclude>
    <ClInclude Include="..\..\..\Max Secure\Source\Common\BalBst\S2S.h">
      <Filter>BalBST</Filter>
    </ClInclude>
    <ClInclude Include="..\..\..\Max Secure\Source\Common\BalBst\S2U.h">
      <Filter>BalBST</Filter>
    </ClInclude>
    <ClInclude Include="..\..\..\Max Secure\Source\Common\BalBst\U2OS2U.h">
      <Filter>BalBST</Filter>
    </ClInclude>
    <ClInclude Include="..\..\..\Max Secure\Source\Common\BalBst\U2OU2O.h">
      <Filter>BalBST</Filter>
    </ClInclude>
    <ClInclude Include="..\..\..\Max Secure\Source\Common\BalBst\U2U.h">
      <Filter>BalBST</Filter>
    </ClInclude>
    <ClInclude Include="..\..\..\Max Secure\Source\Common\OptionTab\OptionTabFunctions.h">
      <Filter>OptionTab</Filter>
    </ClInclude>
    <ClInclude Include="..\..\..\Max Secure\Source\Common\System\CPUInfo.h">
      <Filter>System</Filter>
    </ClInclude>
    <ClInclude Include="..\..\..\Max Secure\Source\Common\System\DBPathExpander.h">
      <Filter>System</Filter>
    </ClInclude>
    <ClInclude Include="..\..\..\Max Secure\Source\Common\System\DirectoryManager.h">
      <Filter>System</Filter>
    </ClInclude>
    <ClInclude Include="..\..\..\Max Secure\Source\Common\system\Enumprocess.h">
      <Filter>System</Filter>
    </ClInclude>
    <ClInclude Include="..\..\..\Max Secure\Source\Common\Utils\ExecuteProcess.h">
      <Filter>System</Filter>
    </ClInclude>
    <ClInclude Include="..\..\..\Max Secure\Source\Common\System\HardDiskManager.h">
      <Filter>System</Filter>
    </ClInclude>
    <ClInclude Include="..\..\..\Max Secure\Source\Common\System\MaxExceptionFilter.h">
      <Filter>System</Filter>
    </ClInclude>
    <ClInclude Include="..\..\..\Max Secure\Source\Common\System\ProductInfo.h">
      <Filter>System</Filter>
    </ClInclude>
    <ClInclude Include="..\..\..\Max Secure\Source\Common\System\Registry.h">
      <Filter>System</Filter>
    </ClInclude>
    <ClInclude Include="..\..\..\Max Secure\Source\Common\System\RegistryHelper.h">
      <Filter>System</Filter>
    </ClInclude>
    <ClInclude Include="..\..\..\Max Secure\Source\Common\System\SDSystemInfo.h">
      <Filter>System</Filter>
    </ClInclude>
    <ClInclude Include="..\..\..\Max Secure\Source\Common\Utils\ReferencesScanner.h">
      <Filter>Utils</Filter>
    </ClInclude>
    <ClInclude Include="..\..\..\Max Secure\Source\Common\Utils\RegPathExpander.h">
      <Filter>Utils</Filter>
    </ClInclude>
    <ClInclude Include="..\..\..\Max Secure\Source\Common\Utils\SysFiles.h">
      <Filter>Utils</Filter>
    </ClInclude>
    <ClInclude Include="..\..\..\Max Secure\Source\Common\Protection\MaxProtectionMgr.h">
      <Filter>Protection</Filter>
    </ClInclude>
    <ClInclude Include="..\..\..\Max Secure\Source\Common\Database\MaxDSrvWrapper.h">
      <Filter>Database</Filter>
    </ClInclude>
  </ItemGroup>
  <ItemGroup>
    <Image Include="res\MaxScanner.ico">
      <Filter>Resource Files</Filter>
    </Image>
    <Image Include="res\MainFrame.ico">
      <Filter>Resource Files</Filter>
    </Image>
  </ItemGroup>
  <ItemGroup>
    <ResourceCompile Include="MaxScanner.rc">
      <Filter>Resource Files</Filter>
    </ResourceCompile>
  </ItemGroup>
  <ItemGroup>
    <None Include="res\MaxScanner.rc2">
      <Filter>Resource Files</Filter>
    </None>
  </ItemGroup>
</Project>