<?xml version="1.0" encoding="utf-8"?>
<Project ToolsVersion="4.0" xmlns="http://schemas.microsoft.com/developer/msbuild/2003">
  <ItemGroup>
    <Filter Include="Source Files">
      <UniqueIdentifier>{4FC737F1-C7A5-4376-A066-2A32D752A2FF}</UniqueIdentifier>
      <Extensions>cpp;c;cc;cxx;def;odl;idl;hpj;bat;asm;asmx</Extensions>
    </Filter>
    <Filter Include="Header Files">
      <UniqueIdentifier>{93995380-89BD-4b04-88EB-625FBE52EBFB}</UniqueIdentifier>
      <Extensions>h;hpp;hxx;hm;inl;inc;xsd</Extensions>
    </Filter>
    <Filter Include="Resource Files">
      <UniqueIdentifier>{67DA6AB6-F800-4c08-8B7A-83BB121AAD01}</UniqueIdentifier>
      <Extensions>rc;ico;cur;bmp;dlg;rc2;rct;bin;rgs;gif;jpg;jpeg;jpe;resx;tiff;tif;png;wav</Extensions>
    </Filter>
    <Filter Include="BalBst">
      <UniqueIdentifier>{88b39cde-fdd5-4bda-b100-67afd72cd9b9}</UniqueIdentifier>
    </Filter>
    <Filter Include="System">
      <UniqueIdentifier>{9097a439-e301-4935-8879-57fe0b1fcbd9}</UniqueIdentifier>
    </Filter>
    <Filter Include="Database">
      <UniqueIdentifier>{5f74e51b-3d8c-4c93-ab71-0e245b6fba3f}</UniqueIdentifier>
    </Filter>
    <Filter Include="BinaryTreeMap">
      <UniqueIdentifier>{c257a4d2-d85c-4f51-8c66-8df6ecd4f851}</UniqueIdentifier>
    </Filter>
    <Filter Include="Utils">
      <UniqueIdentifier>{d6a27ffd-2f6f-45dd-a5f4-6ea76fe49f6e}</UniqueIdentifier>
    </Filter>
    <Filter Include="GUI">
      <UniqueIdentifier>{d04d8871-87d7-4aa0-8ba4-a2a676fe9055}</UniqueIdentifier>
    </Filter>
    <Filter Include="BalBst_Old">
      <UniqueIdentifier>{c0f97614-a898-4767-a25d-6cbff0a9f623}</UniqueIdentifier>
    </Filter>
    <Filter Include="Protection">
      <UniqueIdentifier>{45948b45-f6cd-48ea-ab87-ac6b784769cc}</UniqueIdentifier>
    </Filter>
  </ItemGroup>
  <ItemGroup>
    <ClCompile Include="MigrateRecover.cpp">
      <Filter>Source Files</Filter>
    </ClCompile>
    <ClCompile Include="SrvOpt.cpp">
      <Filter>Source Files</Filter>
    </ClCompile>
    <ClCompile Include="SrvOptDlg.cpp">
      <Filter>Source Files</Filter>
    </ClCompile>
    <ClCompile Include="pch.cpp">
      <Filter>Source Files</Filter>
    </ClCompile>
    <ClCompile Include="..\..\..\Max Secure\Source\Common\BalBst\BalBST.cpp">
      <Filter>BalBst</Filter>
    </ClCompile>
    <ClCompile Include="..\..\..\Max Secure\Source\Common\BalBst\PtrStack.cpp">
      <Filter>BalBst</Filter>
    </ClCompile>
    <ClCompile Include="..\..\..\Max Secure\Source\Common\BalBst\RemoveDB.cpp">
      <Filter>BalBst</Filter>
    </ClCompile>
    <ClCompile Include="..\..\..\Max Secure\Source\Common\BalBst\S2S.cpp">
      <Filter>BalBst</Filter>
    </ClCompile>
    <ClCompile Include="..\..\..\Max Secure\Source\Common\BalBst\S2U.cpp">
      <Filter>BalBst</Filter>
    </ClCompile>
    <ClCompile Include="..\..\..\Max Secure\Source\Common\BalBst\U2S.cpp">
      <Filter>BalBst</Filter>
    </ClCompile>
    <ClCompile Include="..\..\..\Max Secure\Source\Common\System\CPUInfo.cpp">
      <Filter>System</Filter>
    </ClCompile>
    <ClCompile Include="..\..\..\Max Secure\Source\Common\System\DirectoryManager.cpp">
      <Filter>System</Filter>
    </ClCompile>
    <ClCompile Include="..\..\..\Max Secure\Source\Common\System\EnumProcess.cpp">
      <Filter>System</Filter>
    </ClCompile>
    <ClCompile Include="..\..\..\Max Secure\Source\Common\System\HardDiskManager.cpp">
      <Filter>System</Filter>
    </ClCompile>
    <ClCompile Include="..\..\..\Max Secure\Source\Common\System\MaxExceptionFilter.cpp">
      <Filter>System</Filter>
    </ClCompile>
    <ClCompile Include="..\..\..\Max Secure\Source\Common\System\ProductInfo.cpp">
      <Filter>System</Filter>
    </ClCompile>
    <ClCompile Include="..\..\..\Max Secure\Source\Common\System\Registry.cpp">
      <Filter>System</Filter>
    </ClCompile>
    <ClCompile Include="..\..\..\Max Secure\Source\Common\System\SDSystemInfo.cpp">
      <Filter>System</Filter>
    </ClCompile>
    <ClCompile Include="..\..\..\Max Secure\Source\Common\Database\OldExcludeDb.cpp">
      <Filter>Database</Filter>
    </ClCompile>
    <ClCompile Include="..\..\..\Max Secure\Source\Common\BinaryTreeMap\Tbtree.cpp">
      <Filter>BinaryTreeMap</Filter>
    </ClCompile>
    <ClCompile Include="..\..\..\Max Secure\Source\Common\BinaryTreeMap\Tbtreed.cpp">
      <Filter>BinaryTreeMap</Filter>
    </ClCompile>
    <ClCompile Include="..\..\..\Max Secure\Source\Common\BinaryTreeMap\Tbtremfc.cpp">
      <Filter>BinaryTreeMap</Filter>
    </ClCompile>
    <ClCompile Include="..\..\..\Max Secure\Source\Common\BinaryTreeMap\Zserial.cpp">
      <Filter>BinaryTreeMap</Filter>
    </ClCompile>
    <ClCompile Include="..\..\..\Max Secure\Source\Common\Utils\ExecuteProcess.cpp">
      <Filter>Utils</Filter>
    </ClCompile>
    <ClCompile Include="..\..\..\Max Secure\Source\Common\Utils\FileOperation.cpp">
      <Filter>Utils</Filter>
    </ClCompile>
    <ClCompile Include="..\..\..\Max Secure\Source\Common\Utils\RemoteService.cpp">
      <Filter>Utils</Filter>
    </ClCompile>
    <ClCompile Include="..\..\..\Max Secure\Source\Common\GUI\ColorStatic.cpp">
      <Filter>GUI</Filter>
    </ClCompile>
    <ClCompile Include="..\..\..\Max Secure\Source\Common\GUI\HyperLink.cpp">
      <Filter>GUI</Filter>
    </ClCompile>
    <ClCompile Include="..\..\..\Max Secure\Source\Common\GUI\MaxFont.cpp">
      <Filter>GUI</Filter>
    </ClCompile>
    <ClCompile Include="..\..\..\Max Secure\Source\Common\GUI\PictureExLogo.cpp">
      <Filter>GUI</Filter>
    </ClCompile>
    <ClCompile Include="..\..\..\Max Secure\Source\Common\GUI\SetDialogBitmaps.cpp">
      <Filter>GUI</Filter>
    </ClCompile>
    <ClCompile Include="..\..\..\Max Secure\Source\Common\GUI\xSkinButton.cpp">
      <Filter>GUI</Filter>
    </ClCompile>
    <ClCompile Include="..\..\..\Max Secure\Source\Common\BalBst_Old\BalBST_Old.cpp">
      <Filter>BalBst_Old</Filter>
    </ClCompile>
    <ClCompile Include="..\..\..\Max Secure\Source\Common\BalBst_Old\RemoveDB_Old.cpp">
      <Filter>BalBst_Old</Filter>
    </ClCompile>
    <ClCompile Include="..\..\..\Max Secure\Source\Common\BalBst_Old\S2U_Old.cpp">
      <Filter>BalBst_Old</Filter>
    </ClCompile>
    <ClCompile Include="..\..\..\Max Secure\Source\Common\BalBst_Old\U2S_Old.cpp">
      <Filter>BalBst_Old</Filter>
    </ClCompile>
    <ClCompile Include="..\..\..\Max Secure\Source\Common\Protection\MaxProtectionMgr.cpp">
      <Filter>Protection</Filter>
    </ClCompile>
  </ItemGroup>
  <ItemGroup>
    <ClInclude Include="..\..\..\Max Secure\Source\Common\MaxConstant.h">
      <Filter>Header Files</Filter>
    </ClInclude>
    <ClInclude Include="MigrateRecover.h">
      <Filter>Header Files</Filter>
    </ClInclude>
    <ClInclude Include="SrvOpt.h">
      <Filter>Header Files</Filter>
    </ClInclude>
    <ClInclude Include="SrvOptDlg.h">
      <Filter>Header Files</Filter>
    </ClInclude>
    <ClInclude Include="Resource.h">
      <Filter>Header Files</Filter>
    </ClInclude>
    <ClInclude Include="..\..\..\Max Secure\Source\Common\SDSAConstants.h">
      <Filter>Header Files</Filter>
    </ClInclude>
    <ClInclude Include="pch.h">
      <Filter>Header Files</Filter>
    </ClInclude>
    <ClInclude Include="targetver.h">
      <Filter>Header Files</Filter>
    </ClInclude>
    <ClInclude Include="..\..\..\Max Secure\Source\Common\BalBst\BalBST.h">
      <Filter>BalBst</Filter>
    </ClInclude>
    <ClInclude Include="..\..\..\Max Secure\Source\Common\BalBst\PtrStack.h">
      <Filter>BalBst</Filter>
    </ClInclude>
    <ClInclude Include="..\..\..\Max Secure\Source\Common\BalBst\RemoveDB.h">
      <Filter>BalBst</Filter>
    </ClInclude>
    <ClInclude Include="..\..\..\Max Secure\Source\Common\BalBst\S2S.h">
      <Filter>BalBst</Filter>
    </ClInclude>
    <ClInclude Include="..\..\..\Max Secure\Source\Common\BalBst\S2U.h">
      <Filter>BalBst</Filter>
    </ClInclude>
    <ClInclude Include="..\..\..\Max Secure\Source\Common\BalBst\U2S.h">
      <Filter>BalBst</Filter>
    </ClInclude>
    <ClInclude Include="..\..\..\Max Secure\Source\Common\System\CPUInfo.h">
      <Filter>System</Filter>
    </ClInclude>
    <ClInclude Include="..\..\..\Max Secure\Source\Common\System\DirectoryManager.h">
      <Filter>System</Filter>
    </ClInclude>
    <ClInclude Include="..\..\..\Max Secure\Source\Common\System\Enumprocess.h">
      <Filter>System</Filter>
    </ClInclude>
    <ClInclude Include="..\..\..\Max Secure\Source\Common\System\HardDiskManager.h">
      <Filter>System</Filter>
    </ClInclude>
    <ClInclude Include="..\..\..\Max Secure\Source\Common\System\MaxExceptionFilter.h">
      <Filter>System</Filter>
    </ClInclude>
    <ClInclude Include="..\..\..\Max Secure\Source\Common\System\ProductInfo.h">
      <Filter>System</Filter>
    </ClInclude>
    <ClInclude Include="..\..\..\Max Secure\Source\Common\System\Registry.h">
      <Filter>System</Filter>
    </ClInclude>
    <ClInclude Include="..\..\..\Max Secure\Source\Common\System\SDSystemInfo.h">
      <Filter>System</Filter>
    </ClInclude>
    <ClInclude Include="..\..\..\Max Secure\Source\Common\Database\OldExcludeDb.h">
      <Filter>Database</Filter>
    </ClInclude>
    <ClInclude Include="..\..\..\Max Secure\Source\Common\BinaryTreeMap\Tbtree.h">
      <Filter>BinaryTreeMap</Filter>
    </ClInclude>
    <ClInclude Include="..\..\..\Max Secure\Source\Common\BinaryTreeMap\Tbtreed.h">
      <Filter>BinaryTreeMap</Filter>
    </ClInclude>
    <ClInclude Include="..\..\..\Max Secure\Source\Common\BinaryTreeMap\Tbtremfc.h">
      <Filter>BinaryTreeMap</Filter>
    </ClInclude>
    <ClInclude Include="..\..\..\Max Secure\Source\Common\BinaryTreeMap\Zlib.h">
      <Filter>BinaryTreeMap</Filter>
    </ClInclude>
    <ClInclude Include="..\..\..\Max Secure\Source\Common\BinaryTreeMap\Zserial.h">
      <Filter>BinaryTreeMap</Filter>
    </ClInclude>
    <ClInclude Include="..\..\..\Max Secure\Source\Common\Utils\ExecuteProcess.h">
      <Filter>Utils</Filter>
    </ClInclude>
    <ClInclude Include="..\..\..\Max Secure\Source\Common\Utils\FileOperation.h">
      <Filter>Utils</Filter>
    </ClInclude>
    <ClInclude Include="..\..\..\Max Secure\Source\Common\Utils\RemoteService.h">
      <Filter>Utils</Filter>
    </ClInclude>
    <ClInclude Include="..\..\..\Max Secure\Source\Common\GUI\ColorStatic.h">
      <Filter>GUI</Filter>
    </ClInclude>
    <ClInclude Include="..\..\..\Max Secure\Source\Common\GUI\HyperLink.h">
      <Filter>GUI</Filter>
    </ClInclude>
    <ClInclude Include="..\..\..\Max Secure\Source\Common\GUI\MaxFont.h">
      <Filter>GUI</Filter>
    </ClInclude>
    <ClInclude Include="..\..\..\Max Secure\Source\Common\GUI\PictureExLogo.h">
      <Filter>GUI</Filter>
    </ClInclude>
    <ClInclude Include="..\..\..\Max Secure\Source\Common\GUI\SetDialogBitmaps.h">
      <Filter>GUI</Filter>
    </ClInclude>
    <ClInclude Include="..\..\..\Max Secure\Source\Common\GUI\xSkinButton.h">
      <Filter>GUI</Filter>
    </ClInclude>
    <ClInclude Include="..\..\..\Max Secure\Source\Common\BalBst_Old\BalBST_Old.h">
      <Filter>BalBst_Old</Filter>
    </ClInclude>
    <ClInclude Include="..\..\..\Max Secure\Source\Common\BalBst_Old\RemoveDB_Old.h">
      <Filter>BalBst_Old</Filter>
    </ClInclude>
    <ClInclude Include="..\..\..\Max Secure\Source\Common\BalBst_Old\S2U_Old.h">
      <Filter>BalBst_Old</Filter>
    </ClInclude>
    <ClInclude Include="..\..\..\Max Secure\Source\Common\BalBst_Old\U2S_Old.h">
      <Filter>BalBst_Old</Filter>
    </ClInclude>
    <ClInclude Include="..\..\..\Max Secure\Source\Common\Protection\MaxProtectionConst.h">
      <Filter>Protection</Filter>
    </ClInclude>
    <ClInclude Include="..\..\..\Max Secure\Source\Common\Protection\MaxProtectionMgr.h">
      <Filter>Protection</Filter>
    </ClInclude>
  </ItemGroup>
  <ItemGroup>
    <Image Include="res\btn_sm.bmp">
      <Filter>Resource Files</Filter>
    </Image>
    <Image Include="res\btn_sm_fs.bmp">
      <Filter>Resource Files</Filter>
    </Image>
    <Image Include="res\btn_sm_mo.bmp">
      <Filter>Resource Files</Filter>
    </Image>
    <Image Include="res\MainFrame.ico">
      <Filter>Resource Files</Filter>
    </Image>
    <Image Include="res\migrate-animation.gif">
      <Filter>Resource Files</Filter>
    </Image>
    <Image Include="res\migrate-static.gif">
      <Filter>Resource Files</Filter>
    </Image>
    <Image Include="res\small_mask.bmp">
      <Filter>Resource Files</Filter>
    </Image>
  </ItemGroup>
  <ItemGroup>
    <None Include="res\H_POINT.CUR">
      <Filter>Resource Files</Filter>
    </None>
    <None Include="res\MigrateSD.rc2">
      <Filter>Resource Files</Filter>
    </None>
  </ItemGroup>
  <ItemGroup>
    <ResourceCompile Include="MigrateSD.rc">
      <Filter>Resource Files</Filter>
    </ResourceCompile>
  </ItemGroup>
</Project>