<?xml version="1.0" encoding="utf-8"?>
<Project ToolsVersion="4.0" xmlns="http://schemas.microsoft.com/developer/msbuild/2003">
  <ItemGroup>
    <Filter Include="libjpeg">
      <UniqueIdentifier>{d845d298-dc3f-49fb-bfeb-bbc3624c29b8}</UniqueIdentifier>
    </Filter>
    <Filter Include="libjbig2dec">
      <UniqueIdentifier>{0ce592fa-9482-42ac-a21a-d0f62628031e}</UniqueIdentifier>
    </Filter>
    <Filter Include="libz">
      <UniqueIdentifier>{df035a43-f3d5-4f87-96d5-093182df69f2}</UniqueIdentifier>
    </Filter>
    <Filter Include="libopenjpeg">
      <UniqueIdentifier>{09ed6ed0-4121-4e0c-98e1-1e24fed4b987}</UniqueIdentifier>
    </Filter>
    <Filter Include="libfreetype">
      <UniqueIdentifier>{3918975a-9352-4ce6-98a2-59bf2955985e}</UniqueIdentifier>
    </Filter>
    <Filter Include="libfreetype\base">
      <UniqueIdentifier>{f3dcaa81-3c38-4018-ae0b-77ec8d8e4d98}</UniqueIdentifier>
    </Filter>
  </ItemGroup>
  <ItemGroup>
    <ClCompile Include="..\thirdparty\jpeg-8c\jaricom.c">
      <Filter>libjpeg</Filter>
    </ClCompile>
    <ClCompile Include="..\thirdparty\jpeg-8c\jcomapi.c">
      <Filter>libjpeg</Filter>
    </ClCompile>
    <ClCompile Include="..\thirdparty\jpeg-8c\jdapimin.c">
      <Filter>libjpeg</Filter>
    </ClCompile>
    <ClCompile Include="..\thirdparty\jpeg-8c\jdapistd.c">
      <Filter>libjpeg</Filter>
    </ClCompile>
    <ClCompile Include="..\thirdparty\jpeg-8c\jdarith.c">
      <Filter>libjpeg</Filter>
    </ClCompile>
    <ClCompile Include="..\thirdparty\jpeg-8c\jdatadst.c">
      <Filter>libjpeg</Filter>
    </ClCompile>
    <ClCompile Include="..\thirdparty\jpeg-8c\jdatasrc.c">
      <Filter>libjpeg</Filter>
    </ClCompile>
    <ClCompile Include="..\thirdparty\jpeg-8c\jdcoefct.c">
      <Filter>libjpeg</Filter>
    </ClCompile>
    <ClCompile Include="..\thirdparty\jpeg-8c\jdcolor.c">
      <Filter>libjpeg</Filter>
    </ClCompile>
    <ClCompile Include="..\thirdparty\jpeg-8c\jddctmgr.c">
      <Filter>libjpeg</Filter>
    </ClCompile>
    <ClCompile Include="..\thirdparty\jpeg-8c\jdhuff.c">
      <Filter>libjpeg</Filter>
    </ClCompile>
    <ClCompile Include="..\thirdparty\jpeg-8c\jdinput.c">
      <Filter>libjpeg</Filter>
    </ClCompile>
    <ClCompile Include="..\thirdparty\jpeg-8c\jdmainct.c">
      <Filter>libjpeg</Filter>
    </ClCompile>
    <ClCompile Include="..\thirdparty\jpeg-8c\jdmarker.c">
      <Filter>libjpeg</Filter>
    </ClCompile>
    <ClCompile Include="..\thirdparty\jpeg-8c\jdmaster.c">
      <Filter>libjpeg</Filter>
    </ClCompile>
    <ClCompile Include="..\thirdparty\jpeg-8c\jdmerge.c">
      <Filter>libjpeg</Filter>
    </ClCompile>
    <ClCompile Include="..\thirdparty\jpeg-8c\jdpostct.c">
      <Filter>libjpeg</Filter>
    </ClCompile>
    <ClCompile Include="..\thirdparty\jpeg-8c\jdsample.c">
      <Filter>libjpeg</Filter>
    </ClCompile>
    <ClCompile Include="..\thirdparty\jpeg-8c\jdtrans.c">
      <Filter>libjpeg</Filter>
    </ClCompile>
    <ClCompile Include="..\thirdparty\jpeg-8c\jerror.c">
      <Filter>libjpeg</Filter>
    </ClCompile>
    <ClCompile Include="..\thirdparty\jpeg-8c\jfdctflt.c">
      <Filter>libjpeg</Filter>
    </ClCompile>
    <ClCompile Include="..\thirdparty\jpeg-8c\jfdctfst.c">
      <Filter>libjpeg</Filter>
    </ClCompile>
    <ClCompile Include="..\thirdparty\jpeg-8c\jfdctint.c">
      <Filter>libjpeg</Filter>
    </ClCompile>
    <ClCompile Include="..\thirdparty\jpeg-8c\jidctflt.c">
      <Filter>libjpeg</Filter>
    </ClCompile>
    <ClCompile Include="..\thirdparty\jpeg-8c\jidctfst.c">
      <Filter>libjpeg</Filter>
    </ClCompile>
    <ClCompile Include="..\thirdparty\jpeg-8c\jidctint.c">
      <Filter>libjpeg</Filter>
    </ClCompile>
    <ClCompile Include="..\thirdparty\jpeg-8c\jmemansi.c">
      <Filter>libjpeg</Filter>
    </ClCompile>
    <ClCompile Include="..\thirdparty\jpeg-8c\jmemmgr.c">
      <Filter>libjpeg</Filter>
    </ClCompile>
    <ClCompile Include="..\thirdparty\jpeg-8c\jquant1.c">
      <Filter>libjpeg</Filter>
    </ClCompile>
    <ClCompile Include="..\thirdparty\jpeg-8c\jquant2.c">
      <Filter>libjpeg</Filter>
    </ClCompile>
    <ClCompile Include="..\thirdparty\jpeg-8c\jutils.c">
      <Filter>libjpeg</Filter>
    </ClCompile>
    <ClCompile Include="..\thirdparty\jbig2dec\jbig2.c">
      <Filter>libjbig2dec</Filter>
    </ClCompile>
    <ClCompile Include="..\thirdparty\jbig2dec\jbig2_arith.c">
      <Filter>libjbig2dec</Filter>
    </ClCompile>
    <ClCompile Include="..\thirdparty\jbig2dec\jbig2_arith_iaid.c">
      <Filter>libjbig2dec</Filter>
    </ClCompile>
    <ClCompile Include="..\thirdparty\jbig2dec\jbig2_arith_int.c">
      <Filter>libjbig2dec</Filter>
    </ClCompile>
    <ClCompile Include="..\thirdparty\jbig2dec\jbig2_generic.c">
      <Filter>libjbig2dec</Filter>
    </ClCompile>
    <ClCompile Include="..\thirdparty\jbig2dec\jbig2_huffman.c">
      <Filter>libjbig2dec</Filter>
    </ClCompile>
    <ClCompile Include="..\thirdparty\jbig2dec\jbig2_image.c">
      <Filter>libjbig2dec</Filter>
    </ClCompile>
    <ClCompile Include="..\thirdparty\jbig2dec\jbig2_metadata.c">
      <Filter>libjbig2dec</Filter>
    </ClCompile>
    <ClCompile Include="..\thirdparty\jbig2dec\jbig2_mmr.c">
      <Filter>libjbig2dec</Filter>
    </ClCompile>
    <ClCompile Include="..\thirdparty\jbig2dec\jbig2_page.c">
      <Filter>libjbig2dec</Filter>
    </ClCompile>
    <ClCompile Include="..\thirdparty\jbig2dec\jbig2_refinement.c">
      <Filter>libjbig2dec</Filter>
    </ClCompile>
    <ClCompile Include="..\thirdparty\jbig2dec\jbig2_segment.c">
      <Filter>libjbig2dec</Filter>
    </ClCompile>
    <ClCompile Include="..\thirdparty\jbig2dec\jbig2_symbol_dict.c">
      <Filter>libjbig2dec</Filter>
    </ClCompile>
    <ClCompile Include="..\thirdparty\jbig2dec\jbig2_text.c">
      <Filter>libjbig2dec</Filter>
    </ClCompile>
    <ClCompile Include="..\thirdparty\zlib-1.2.5\adler32.c">
      <Filter>libz</Filter>
    </ClCompile>
    <ClCompile Include="..\thirdparty\zlib-1.2.5\compress.c">
      <Filter>libz</Filter>
    </ClCompile>
    <ClCompile Include="..\thirdparty\zlib-1.2.5\crc32.c">
      <Filter>libz</Filter>
    </ClCompile>
    <ClCompile Include="..\thirdparty\zlib-1.2.5\deflate.c">
      <Filter>libz</Filter>
    </ClCompile>
    <ClCompile Include="..\thirdparty\zlib-1.2.5\inffast.c">
      <Filter>libz</Filter>
    </ClCompile>
    <ClCompile Include="..\thirdparty\zlib-1.2.5\inflate.c">
      <Filter>libz</Filter>
    </ClCompile>
    <ClCompile Include="..\thirdparty\zlib-1.2.5\inftrees.c">
      <Filter>libz</Filter>
    </ClCompile>
    <ClCompile Include="..\thirdparty\zlib-1.2.5\trees.c">
      <Filter>libz</Filter>
    </ClCompile>
    <ClCompile Include="..\thirdparty\zlib-1.2.5\uncompr.c">
      <Filter>libz</Filter>
    </ClCompile>
    <ClCompile Include="..\thirdparty\zlib-1.2.5\zutil.c">
      <Filter>libz</Filter>
    </ClCompile>
    <ClCompile Include="..\thirdparty\openjpeg-1.4\libopenjpeg\bio.c">
      <Filter>libopenjpeg</Filter>
    </ClCompile>
    <ClCompile Include="..\thirdparty\openjpeg-1.4\libopenjpeg\cio.c">
      <Filter>libopenjpeg</Filter>
    </ClCompile>
    <ClCompile Include="..\thirdparty\openjpeg-1.4\libopenjpeg\dwt.c">
      <Filter>libopenjpeg</Filter>
    </ClCompile>
    <ClCompile Include="..\thirdparty\openjpeg-1.4\libopenjpeg\event.c">
      <Filter>libopenjpeg</Filter>
    </ClCompile>
    <ClCompile Include="..\thirdparty\openjpeg-1.4\libopenjpeg\image.c">
      <Filter>libopenjpeg</Filter>
    </ClCompile>
    <ClCompile Include="..\thirdparty\openjpeg-1.4\libopenjpeg\j2k.c">
      <Filter>libopenjpeg</Filter>
    </ClCompile>
    <ClCompile Include="..\thirdparty\openjpeg-1.4\libopenjpeg\j2k_lib.c">
      <Filter>libopenjpeg</Filter>
    </ClCompile>
    <ClCompile Include="..\thirdparty\openjpeg-1.4\libopenjpeg\jp2.c">
      <Filter>libopenjpeg</Filter>
    </ClCompile>
    <ClCompile Include="..\thirdparty\openjpeg-1.4\libopenjpeg\jpt.c">
      <Filter>libopenjpeg</Filter>
    </ClCompile>
    <ClCompile Include="..\thirdparty\openjpeg-1.4\libopenjpeg\mct.c">
      <Filter>libopenjpeg</Filter>
    </ClCompile>
    <ClCompile Include="..\thirdparty\openjpeg-1.4\libopenjpeg\mqc.c">
      <Filter>libopenjpeg</Filter>
    </ClCompile>
    <ClCompile Include="..\thirdparty\openjpeg-1.4\libopenjpeg\openjpeg.c">
      <Filter>libopenjpeg</Filter>
    </ClCompile>
    <ClCompile Include="..\thirdparty\openjpeg-1.4\libopenjpeg\pi.c">
      <Filter>libopenjpeg</Filter>
    </ClCompile>
    <ClCompile Include="..\thirdparty\openjpeg-1.4\libopenjpeg\raw.c">
      <Filter>libopenjpeg</Filter>
    </ClCompile>
    <ClCompile Include="..\thirdparty\openjpeg-1.4\libopenjpeg\t1.c">
      <Filter>libopenjpeg</Filter>
    </ClCompile>
    <ClCompile Include="..\thirdparty\openjpeg-1.4\libopenjpeg\t2.c">
      <Filter>libopenjpeg</Filter>
    </ClCompile>
    <ClCompile Include="..\thirdparty\openjpeg-1.4\libopenjpeg\tcd.c">
      <Filter>libopenjpeg</Filter>
    </ClCompile>
    <ClCompile Include="..\thirdparty\openjpeg-1.4\libopenjpeg\tgt.c">
      <Filter>libopenjpeg</Filter>
    </ClCompile>
    <ClCompile Include="..\thirdparty\freetype-2.4.4\src\cff\cff.c">
      <Filter>libfreetype</Filter>
    </ClCompile>
    <ClCompile Include="..\thirdparty\freetype-2.4.4\src\psaux\psaux.c">
      <Filter>libfreetype</Filter>
    </ClCompile>
    <ClCompile Include="..\thirdparty\freetype-2.4.4\src\pshinter\pshinter.c">
      <Filter>libfreetype</Filter>
    </ClCompile>
    <ClCompile Include="..\thirdparty\freetype-2.4.4\src\psnames\psnames.c">
      <Filter>libfreetype</Filter>
    </ClCompile>
    <ClCompile Include="..\thirdparty\freetype-2.4.4\src\raster\raster.c">
      <Filter>libfreetype</Filter>
    </ClCompile>
    <ClCompile Include="..\thirdparty\freetype-2.4.4\src\sfnt\sfnt.c">
      <Filter>libfreetype</Filter>
    </ClCompile>
    <ClCompile Include="..\thirdparty\freetype-2.4.4\src\smooth\smooth.c">
      <Filter>libfreetype</Filter>
    </ClCompile>
    <ClCompile Include="..\thirdparty\freetype-2.4.4\src\truetype\truetype.c">
      <Filter>libfreetype</Filter>
    </ClCompile>
    <ClCompile Include="..\thirdparty\freetype-2.4.4\src\type1\type1.c">
      <Filter>libfreetype</Filter>
    </ClCompile>
    <ClCompile Include="..\thirdparty\freetype-2.4.4\src\cid\type1cid.c">
      <Filter>libfreetype</Filter>
    </ClCompile>
    <ClCompile Include="..\thirdparty\freetype-2.4.4\src\base\ftbase.c">
      <Filter>libfreetype\base</Filter>
    </ClCompile>
    <ClCompile Include="..\thirdparty\freetype-2.4.4\src\base\ftbbox.c">
      <Filter>libfreetype\base</Filter>
    </ClCompile>
    <ClCompile Include="..\thirdparty\freetype-2.4.4\src\base\ftbitmap.c">
      <Filter>libfreetype\base</Filter>
    </ClCompile>
    <ClCompile Include="..\thirdparty\freetype-2.4.4\src\base\ftgasp.c">
      <Filter>libfreetype\base</Filter>
    </ClCompile>
    <ClCompile Include="..\thirdparty\freetype-2.4.4\src\base\ftglyph.c">
      <Filter>libfreetype\base</Filter>
    </ClCompile>
    <ClCompile Include="..\thirdparty\freetype-2.4.4\src\base\ftinit.c">
      <Filter>libfreetype\base</Filter>
    </ClCompile>
    <ClCompile Include="..\thirdparty\freetype-2.4.4\src\base\ftstroke.c">
      <Filter>libfreetype\base</Filter>
    </ClCompile>
    <ClCompile Include="..\thirdparty\freetype-2.4.4\src\base\ftsynth.c">
      <Filter>libfreetype\base</Filter>
    </ClCompile>
    <ClCompile Include="..\thirdparty\freetype-2.4.4\src\base\ftsystem.c">
      <Filter>libfreetype\base</Filter>
    </ClCompile>
    <ClCompile Include="..\thirdparty\freetype-2.4.4\src\base\fttype1.c">
      <Filter>libfreetype\base</Filter>
    </ClCompile>
    <ClCompile Include="..\thirdparty\freetype-2.4.4\src\base\ftxf86.c">
      <Filter>libfreetype\base</Filter>
    </ClCompile>
  </ItemGroup>
</Project>