<?xml version="1.0" encoding="utf-8"?>
<Project ToolsVersion="4.0" xmlns="http://schemas.microsoft.com/developer/msbuild/2003">
  <ItemGroup>
    <Filter Include="Source Files">
      <UniqueIdentifier>{4FC737F1-C7A5-4376-A066-2A32D752A2FF}</UniqueIdentifier>
      <Extensions>cpp;c;cc;cxx;def;odl;idl;hpj;bat;asm;asmx</Extensions>
    </Filter>
    <Filter Include="Header Files">
      <UniqueIdentifier>{93995380-89BD-4b04-88EB-625FBE52EBFB}</UniqueIdentifier>
      <Extensions>h;hpp;hxx;hm;inl;inc;xsd</Extensions>
    </Filter>
    <Filter Include="Resource Files">
      <UniqueIdentifier>{67DA6AB6-F800-4c08-8B7A-83BB121AAD01}</UniqueIdentifier>
      <Extensions>rc;ico;cur;bmp;dlg;rc2;rct;bin;rgs;gif;jpg;jpeg;jpe;resx;tiff;tif;png;wav</Extensions>
    </Filter>
    <Filter Include="MaxScanner">
      <UniqueIdentifier>{740462bc-de84-4e65-a240-c3d3893028df}</UniqueIdentifier>
    </Filter>
    <Filter Include="Utils">
      <UniqueIdentifier>{f40fd603-9838-432d-a2d1-598e364d8b95}</UniqueIdentifier>
    </Filter>
    <Filter Include="Utils_TC">
      <UniqueIdentifier>{02ef3622-e951-4271-b0a2-1713f8e8d5ed}</UniqueIdentifier>
    </Filter>
    <Filter Include="BalBST">
      <UniqueIdentifier>{5ac5c021-b011-4c11-ac01-ab399d349747}</UniqueIdentifier>
    </Filter>
    <Filter Include="PESignature">
      <UniqueIdentifier>{c012716a-d1ed-4e62-9072-1d2e9d5a0b16}</UniqueIdentifier>
    </Filter>
  </ItemGroup>
  <ItemGroup>
    <ClCompile Include="MaxMLHeurScan.cpp">
      <Filter>Source Files</Filter>
    </ClCompile>
    <ClCompile Include="MaxMLHeurWrapp.cpp">
      <Filter>Source Files</Filter>
    </ClCompile>
    <ClCompile Include="pch.cpp">
      <Filter>Source Files</Filter>
    </ClCompile>
    <ClCompile Include="..\..\..\Max Secure\Source\Common\MaxScanner\MaxPEFile.cpp">
      <Filter>MaxScanner</Filter>
    </ClCompile>
    <ClCompile Include="..\..\..\Max Secure\Source\Common\Utils\MaxDigitalSigCheck.cpp">
      <Filter>Utils</Filter>
    </ClCompile>
    <ClCompile Include="..\..\..\Max Secure\Source\Common\Utils_TC\MaxSqLiteBase.cpp">
      <Filter>Utils_TC</Filter>
    </ClCompile>
    <ClCompile Include="..\..\..\Max Secure\Source\Common\Utils_TC\MaxSqliteMgr.cpp">
      <Filter>Utils_TC</Filter>
    </ClCompile>
    <ClCompile Include="..\..\..\Max Secure\Source\Common\Utils_TC\sqlite3.c">
      <Filter>Utils_TC</Filter>
    </ClCompile>
    <ClCompile Include="..\..\..\Max Secure\Source\Common\BalBst\BalBST.cpp">
      <Filter>BalBST</Filter>
    </ClCompile>
    <ClCompile Include="..\..\..\Max Secure\Source\Common\BalBst\PtrStack.cpp">
      <Filter>BalBST</Filter>
    </ClCompile>
    <ClCompile Include="..\..\..\Max Secure\Source\Common\PESignature\FileSig.cpp">
      <Filter>PESignature</Filter>
    </ClCompile>
    <ClCompile Include="..\..\..\Max Secure\Source\Common\PESignature\MaxSHA.cpp">
      <Filter>PESignature</Filter>
    </ClCompile>
    <ClCompile Include="..\..\..\Max Secure\Source\Common\PESignature\sha2.cpp">
      <Filter>PESignature</Filter>
    </ClCompile>
    <ClCompile Include="..\..\..\Max Secure\Source\Common\PESignature\Signature.cpp">
      <Filter>PESignature</Filter>
    </ClCompile>
    <ClCompile Include="..\..\..\Max Secure\Source\Common\PESignature\sizehash.cpp">
      <Filter>PESignature</Filter>
    </ClCompile>
  </ItemGroup>
  <ItemGroup>
    <ClInclude Include="MaxMLHeurScan.h">
      <Filter>Header Files</Filter>
    </ClInclude>
    <ClInclude Include="MaxMLHeurWrapp.h">
      <Filter>Header Files</Filter>
    </ClInclude>
    <ClInclude Include="resource.h">
      <Filter>Header Files</Filter>
    </ClInclude>
    <ClInclude Include="pch.h">
      <Filter>Header Files</Filter>
    </ClInclude>
    <ClInclude Include="targetver.h">
      <Filter>Header Files</Filter>
    </ClInclude>
    <ClInclude Include="..\..\..\Max Secure\Source\Common\MaxScanner\MaxPEFile.h">
      <Filter>MaxScanner</Filter>
    </ClInclude>
    <ClInclude Include="..\..\..\Max Secure\Source\Common\Utils\MaxDigitalSigCheck.h">
      <Filter>Utils</Filter>
    </ClInclude>
    <ClInclude Include="..\..\..\Max Secure\Source\Common\Utils_TC\MaxSqLiteBase.h">
      <Filter>Utils_TC</Filter>
    </ClInclude>
    <ClInclude Include="..\..\..\Max Secure\Source\Common\Utils_TC\MaxSqliteMgr.h">
      <Filter>Utils_TC</Filter>
    </ClInclude>
    <ClInclude Include="..\..\..\Max Secure\Source\Common\Utils_TC\sqlite3.h">
      <Filter>Utils_TC</Filter>
    </ClInclude>
    <ClInclude Include="..\..\..\Max Secure\Source\Common\BalBst\BalBST.h">
      <Filter>BalBST</Filter>
    </ClInclude>
    <ClInclude Include="..\..\..\Max Secure\Source\Common\BalBst\PtrStack.h">
      <Filter>BalBST</Filter>
    </ClInclude>
    <ClInclude Include="..\..\..\Max Secure\Source\Common\PESignature\FileSig.h">
      <Filter>PESignature</Filter>
    </ClInclude>
    <ClInclude Include="..\..\..\Max Secure\Source\Common\PESignature\MaxSHA.h">
      <Filter>PESignature</Filter>
    </ClInclude>
    <ClInclude Include="..\..\..\Max Secure\Source\Common\PESignature\sha2.h">
      <Filter>PESignature</Filter>
    </ClInclude>
    <ClInclude Include="..\..\..\Max Secure\Source\Common\PESignature\sizehash.h">
      <Filter>PESignature</Filter>
    </ClInclude>
  </ItemGroup>
  <ItemGroup>
    <ResourceCompile Include="MaxMLHeurScan.rc">
      <Filter>Resource Files</Filter>
    </ResourceCompile>
  </ItemGroup>
  <ItemGroup>
    <Text Include="ReadMe.txt" />
  </ItemGroup>
</Project>