<?xml version="1.0" encoding="utf-8"?>
<Project ToolsVersion="4.0" xmlns="http://schemas.microsoft.com/developer/msbuild/2003">
  <ItemGroup>
    <Filter Include="Source Files">
      <UniqueIdentifier>{4FC737F1-C7A5-4376-A066-2A32D752A2FF}</UniqueIdentifier>
      <Extensions>cpp;c;cc;cxx;def;odl;idl;hpj;bat;asm;asmx</Extensions>
    </Filter>
    <Filter Include="Header Files">
      <UniqueIdentifier>{93995380-89BD-4b04-88EB-625FBE52EBFB}</UniqueIdentifier>
      <Extensions>h;hpp;hxx;hm;inl;inc;xsd</Extensions>
    </Filter>
    <Filter Include="Resource Files">
      <UniqueIdentifier>{67DA6AB6-F800-4c08-8B7A-83BB121AAD01}</UniqueIdentifier>
      <Extensions>rc;ico;cur;bmp;dlg;rc2;rct;bin;rgs;gif;jpg;jpeg;jpe;resx;tiff;tif;png;wav</Extensions>
    </Filter>
    <Filter Include="System">
      <UniqueIdentifier>{984ee99c-b64e-46e8-88d1-6a645d11c45a}</UniqueIdentifier>
    </Filter>
    <Filter Include="BalBST">
      <UniqueIdentifier>{667d295a-5ebd-4fd6-a548-9c1039b95a61}</UniqueIdentifier>
    </Filter>
    <Filter Include="Common">
      <UniqueIdentifier>{b22bf506-9e8e-4bdb-a6c5-9852530fc15c}</UniqueIdentifier>
    </Filter>
    <Filter Include="DBScanner">
      <UniqueIdentifier>{c1ab0f06-8354-41ac-93b7-15a5e6bc1b2d}</UniqueIdentifier>
    </Filter>
    <Filter Include="Utils">
      <UniqueIdentifier>{abfe119b-1761-4097-aeee-1485d1d9f53e}</UniqueIdentifier>
    </Filter>
  </ItemGroup>
  <ItemGroup>
    <ClCompile Include="asmserv.cpp">
      <Filter>Source Files</Filter>
    </ClCompile>
    <ClCompile Include="CRTCheck.cpp">
      <Filter>Source Files</Filter>
    </ClCompile>
    <ClCompile Include="MaxAVPMScan.cpp">
      <Filter>Source Files</Filter>
    </ClCompile>
    <ClCompile Include="MaxDisassem.cpp">
      <Filter>Source Files</Filter>
    </ClCompile>
    <ClCompile Include="NonRepairable.cpp">
      <Filter>Source Files</Filter>
    </ClCompile>
    <ClCompile Include="Packers.cpp">
      <Filter>Source Files</Filter>
    </ClCompile>
    <ClCompile Include="PolyAfgan.cpp">
      <Filter>Source Files</Filter>
    </ClCompile>
    <ClCompile Include="PolyAlcaul.cpp">
      <Filter>Source Files</Filter>
    </ClCompile>
    <ClCompile Include="PolyAlma.cpp">
      <Filter>Source Files</Filter>
    </ClCompile>
    <ClCompile Include="PolyAlman.cpp">
      <Filter>Source Files</Filter>
    </ClCompile>
    <ClCompile Include="PolyAndras.cpp">
      <Filter>Source Files</Filter>
    </ClCompile>
    <ClCompile Include="PolyAOC.cpp">
      <Filter>Source Files</Filter>
    </ClCompile>
    <ClCompile Include="PolyAris.cpp">
      <Filter>Source Files</Filter>
    </ClCompile>
    <ClCompile Include="PolyBase.cpp">
      <Filter>Source Files</Filter>
    </ClCompile>
    <ClCompile Include="PolyBluwin.cpp">
      <Filter>Source Files</Filter>
    </ClCompile>
    <ClCompile Include="PolyBolzano.cpp">
      <Filter>Source Files</Filter>
    </ClCompile>
    <ClCompile Include="PolyCensor.cpp">
      <Filter>Source Files</Filter>
    </ClCompile>
    <ClCompile Include="PolyChamp.cpp">
      <Filter>Source Files</Filter>
    </ClCompile>
    <ClCompile Include="PolyChiton.cpp">
      <Filter>Source Files</Filter>
    </ClCompile>
    <ClCompile Include="PolyCrunk.cpp">
      <Filter>Source Files</Filter>
    </ClCompile>
    <ClCompile Include="PolyCTX.cpp">
      <Filter>Source Files</Filter>
    </ClCompile>
    <ClCompile Include="PolyDelikon.cpp">
      <Filter>Source Files</Filter>
    </ClCompile>
    <ClCompile Include="PolyDetnat.cpp">
      <Filter>Source Files</Filter>
    </ClCompile>
    <ClCompile Include="PolyDevir.cpp">
      <Filter>Source Files</Filter>
    </ClCompile>
    <ClCompile Include="PolyDion.cpp">
      <Filter>Source Files</Filter>
    </ClCompile>
    <ClCompile Include="PolyDoser.cpp">
      <Filter>Source Files</Filter>
    </ClCompile>
    <ClCompile Include="PolyDriller.cpp">
      <Filter>Source Files</Filter>
    </ClCompile>
    <ClCompile Include="PolyDundun.cpp">
      <Filter>Source Files</Filter>
    </ClCompile>
    <ClCompile Include="PolyElkern.cpp">
      <Filter>Source Files</Filter>
    </ClCompile>
    <ClCompile Include="PolyETap.cpp">
      <Filter>Source Files</Filter>
    </ClCompile>
    <ClCompile Include="PolyExpiro.cpp">
      <Filter>Source Files</Filter>
    </ClCompile>
    <ClCompile Include="PolyExpiro64.cpp">
      <Filter>Source Files</Filter>
    </ClCompile>
    <ClCompile Include="PolyFearso.cpp">
      <Filter>Source Files</Filter>
    </ClCompile>
    <ClCompile Include="PolyFlyStdio.Cpp">
      <Filter>Source Files</Filter>
    </ClCompile>
    <ClCompile Include="PolyFosforo.cpp">
      <Filter>Source Files</Filter>
    </ClCompile>
    <ClCompile Include="PolyHatred.cpp">
      <Filter>Source Files</Filter>
    </ClCompile>
    <ClCompile Include="PolyHeuristics.cpp">
      <Filter>Source Files</Filter>
    </ClCompile>
    <ClCompile Include="PolyHezhi.cpp">
      <Filter>Source Files</Filter>
    </ClCompile>
    <ClCompile Include="PolyInduc.cpp">
      <Filter>Source Files</Filter>
    </ClCompile>
    <ClCompile Include="PolyInrar.cpp">
      <Filter>Source Files</Filter>
    </ClCompile>
    <ClCompile Include="PolyJolla.cpp">
      <Filter>Source Files</Filter>
    </ClCompile>
    <ClCompile Include="PolyJunkComp.cpp">
      <Filter>Source Files</Filter>
    </ClCompile>
    <ClCompile Include="PolyLAMT.cpp">
      <Filter>Source Files</Filter>
    </ClCompile>
    <ClCompile Include="PolyLevi.cpp">
      <Filter>Source Files</Filter>
    </ClCompile>
    <ClCompile Include="PolyMabezat.cpp">
      <Filter>Source Files</Filter>
    </ClCompile>
    <ClCompile Include="PolyMinit.cpp">
      <Filter>Source Files</Filter>
    </ClCompile>
    <ClCompile Include="PolymorphicVirus.cpp">
      <Filter>Source Files</Filter>
    </ClCompile>
    <ClCompile Include="PolyNimnul.cpp">
      <Filter>Source Files</Filter>
    </ClCompile>
    <ClCompile Include="PolyParite.cpp">
      <Filter>Source Files</Filter>
    </ClCompile>
    <ClCompile Include="PolyPayBack.cpp">
      <Filter>Source Files</Filter>
    </ClCompile>
    <ClCompile Include="PolyPioneer.cpp">
      <Filter>Source Files</Filter>
    </ClCompile>
    <ClCompile Include="PolyPolip.cpp">
      <Filter>Source Files</Filter>
    </ClCompile>
    <ClCompile Include="PolyPolyK.cpp">
      <Filter>Source Files</Filter>
    </ClCompile>
    <ClCompile Include="PolyRainSong.cpp">
      <Filter>Source Files</Filter>
    </ClCompile>
    <ClCompile Include="PolyRansom.cpp">
      <Filter>Source Files</Filter>
    </ClCompile>
    <ClCompile Include="PolySality.cpp">
      <Filter>Source Files</Filter>
    </ClCompile>
    <ClCompile Include="PolySfcer.cpp">
      <Filter>Source Files</Filter>
    </ClCompile>
    <ClCompile Include="PolySilcer.cpp">
      <Filter>Source Files</Filter>
    </ClCompile>
    <ClCompile Include="PolyTDSS.cpp">
      <Filter>Source Files</Filter>
    </ClCompile>
    <ClCompile Include="PolyThorin.cpp">
      <Filter>Source Files</Filter>
    </ClCompile>
    <ClCompile Include="PolyTrojanPatched.cpp">
      <Filter>Source Files</Filter>
    </ClCompile>
    <ClCompile Include="PolyTrojans64.cpp">
      <Filter>Source Files</Filter>
    </ClCompile>
    <ClCompile Include="PolyTvido.cpp">
      <Filter>Source Files</Filter>
    </ClCompile>
    <ClCompile Include="PolyVampiro.cpp">
      <Filter>Source Files</Filter>
    </ClCompile>
    <ClCompile Include="PolyVirut.cpp">
      <Filter>Source Files</Filter>
    </ClCompile>
    <ClCompile Include="PolyVulcas.cpp">
      <Filter>Source Files</Filter>
    </ClCompile>
    <ClCompile Include="PolyXorer.cpp">
      <Filter>Source Files</Filter>
    </ClCompile>
    <ClCompile Include="PolyXpaj.cpp">
      <Filter>Source Files</Filter>
    </ClCompile>
    <ClCompile Include="PolyXpajA.cpp">
      <Filter>Source Files</Filter>
    </ClCompile>
    <ClCompile Include="PolyZMorph.cpp">
      <Filter>Source Files</Filter>
    </ClCompile>
    <ClCompile Include="PolyZperm.cpp">
      <Filter>Source Files</Filter>
    </ClCompile>
    <ClCompile Include="PolyZperMorph.cpp">
      <Filter>Source Files</Filter>
    </ClCompile>
    <ClCompile Include="SemiPoly.cpp">
      <Filter>Source Files</Filter>
    </ClCompile>
    <ClCompile Include="SemiPolyTrojans.cpp">
      <Filter>Source Files</Filter>
    </ClCompile>
    <ClCompile Include="pch.cpp">
      <Filter>Source Files</Filter>
    </ClCompile>
    <ClCompile Include="Trojans.cpp">
      <Filter>Source Files</Filter>
    </ClCompile>
    <ClCompile Include="..\..\..\Max Secure\Source\Common\System\MaxExceptionFilter.cpp">
      <Filter>System</Filter>
    </ClCompile>
    <ClCompile Include="SemiPolyDBScn.cpp">
      <Filter>System</Filter>
    </ClCompile>
    <ClCompile Include="..\..\..\Max Secure\Source\Common\BalBst\BalBST.cpp">
      <Filter>BalBST</Filter>
    </ClCompile>
    <ClCompile Include="..\..\..\Max Secure\Source\Common\BalBst\BalBSTOpt.cpp">
      <Filter>BalBST</Filter>
    </ClCompile>
    <ClCompile Include="..\..\..\Max Secure\Source\Common\BalBst\BufferToStructure.cpp">
      <Filter>BalBST</Filter>
    </ClCompile>
    <ClCompile Include="..\..\..\Max Secure\Source\Common\BalBst\PtrStack.cpp">
      <Filter>BalBST</Filter>
    </ClCompile>
    <ClCompile Include="..\..\..\Max Secure\Source\Common\BalBst\S2S.cpp">
      <Filter>BalBST</Filter>
    </ClCompile>
    <ClCompile Include="..\..\..\Max Secure\Source\Common\BalBst\U2U.cpp">
      <Filter>BalBST</Filter>
    </ClCompile>
    <ClCompile Include="..\..\..\NIH\Source\UnPackers\depacks.c">
      <Filter>Common</Filter>
    </ClCompile>
    <ClCompile Include="..\..\..\Max Secure\Source\Common\MaxScanner\Emulate.cpp">
      <Filter>Common</Filter>
    </ClCompile>
    <ClCompile Include="..\Common\MaxBMAlgo.cpp">
      <Filter>Common</Filter>
    </ClCompile>
    <ClCompile Include="..\..\..\Max Secure\Source\Common\MaxScanner\MaxPEFile.cpp">
      <Filter>Common</Filter>
    </ClCompile>
    <ClCompile Include="..\Common\TimeOutMgr.cpp">
      <Filter>Common</Filter>
    </ClCompile>
    <ClCompile Include="..\MaxAVDBScan\SecSigDB.cpp">
      <Filter>DBScanner</Filter>
    </ClCompile>
    <ClCompile Include="..\MaxAVDBScan\TreeManager.cpp">
      <Filter>DBScanner</Filter>
    </ClCompile>
    <ClCompile Include="..\MaxAVDBScan\TreeMemManager.cpp">
      <Filter>DBScanner</Filter>
    </ClCompile>
  </ItemGroup>
  <ItemGroup>
    <ClInclude Include="PolyHeuristics.h">
      <Filter>Source Files</Filter>
    </ClInclude>
    <ClInclude Include="CRTCheck.h">
      <Filter>Header Files</Filter>
    </ClInclude>
    <ClInclude Include="disasm.h">
      <Filter>Header Files</Filter>
    </ClInclude>
    <ClInclude Include="MaxAVPMScan.h">
      <Filter>Header Files</Filter>
    </ClInclude>
    <ClInclude Include="MaxDisassem.h">
      <Filter>Header Files</Filter>
    </ClInclude>
    <ClInclude Include="NonRepairable.h">
      <Filter>Header Files</Filter>
    </ClInclude>
    <ClInclude Include="Packers.h">
      <Filter>Header Files</Filter>
    </ClInclude>
    <ClInclude Include="PolyAfgan.h">
      <Filter>Header Files</Filter>
    </ClInclude>
    <ClInclude Include="PolyAlcaul.h">
      <Filter>Header Files</Filter>
    </ClInclude>
    <ClInclude Include="PolyAlma.h">
      <Filter>Header Files</Filter>
    </ClInclude>
    <ClInclude Include="PolyAlman.h">
      <Filter>Header Files</Filter>
    </ClInclude>
    <ClInclude Include="PolyAndras.h">
      <Filter>Header Files</Filter>
    </ClInclude>
    <ClInclude Include="PolyAOC.h">
      <Filter>Header Files</Filter>
    </ClInclude>
    <ClInclude Include="PolyAris.h">
      <Filter>Header Files</Filter>
    </ClInclude>
    <ClInclude Include="PolyBase.h">
      <Filter>Header Files</Filter>
    </ClInclude>
    <ClInclude Include="PolyBluwin.h">
      <Filter>Header Files</Filter>
    </ClInclude>
    <ClInclude Include="PolyBolzano.h">
      <Filter>Header Files</Filter>
    </ClInclude>
    <ClInclude Include="PolyCensor.h">
      <Filter>Header Files</Filter>
    </ClInclude>
    <ClInclude Include="PolyChamp.h">
      <Filter>Header Files</Filter>
    </ClInclude>
    <ClInclude Include="PolyChiton.h">
      <Filter>Header Files</Filter>
    </ClInclude>
    <ClInclude Include="PolyCrunk.h">
      <Filter>Header Files</Filter>
    </ClInclude>
    <ClInclude Include="PolyCTX.h">
      <Filter>Header Files</Filter>
    </ClInclude>
    <ClInclude Include="PolyDelikon.h">
      <Filter>Header Files</Filter>
    </ClInclude>
    <ClInclude Include="PolyDetnat.h">
      <Filter>Header Files</Filter>
    </ClInclude>
    <ClInclude Include="PolyDevir.h">
      <Filter>Header Files</Filter>
    </ClInclude>
    <ClInclude Include="PolyDion.h">
      <Filter>Header Files</Filter>
    </ClInclude>
    <ClInclude Include="PolyDoser.h">
      <Filter>Header Files</Filter>
    </ClInclude>
    <ClInclude Include="PolyDriller.h">
      <Filter>Header Files</Filter>
    </ClInclude>
    <ClInclude Include="PolyDundun.h">
      <Filter>Header Files</Filter>
    </ClInclude>
    <ClInclude Include="PolyElkern.h">
      <Filter>Header Files</Filter>
    </ClInclude>
    <ClInclude Include="PolyETap.h">
      <Filter>Header Files</Filter>
    </ClInclude>
    <ClInclude Include="PolyExpiro.h">
      <Filter>Header Files</Filter>
    </ClInclude>
    <ClInclude Include="PolyExpiro64.h">
      <Filter>Header Files</Filter>
    </ClInclude>
    <ClInclude Include="PolyFearso.h">
      <Filter>Header Files</Filter>
    </ClInclude>
    <ClInclude Include="PolyFlyStdio.h">
      <Filter>Header Files</Filter>
    </ClInclude>
    <ClInclude Include="PolyFosforo.h">
      <Filter>Header Files</Filter>
    </ClInclude>
    <ClInclude Include="PolyHatred.h">
      <Filter>Header Files</Filter>
    </ClInclude>
    <ClInclude Include="PolyHezhi.h">
      <Filter>Header Files</Filter>
    </ClInclude>
    <ClInclude Include="PolyInduc.h">
      <Filter>Header Files</Filter>
    </ClInclude>
    <ClInclude Include="PolyInrar.h">
      <Filter>Header Files</Filter>
    </ClInclude>
    <ClInclude Include="PolyJolla.h">
      <Filter>Header Files</Filter>
    </ClInclude>
    <ClInclude Include="PolyJunkComp.h">
      <Filter>Header Files</Filter>
    </ClInclude>
    <ClInclude Include="PolyLAMT.h">
      <Filter>Header Files</Filter>
    </ClInclude>
    <ClInclude Include="PolyLevi.h">
      <Filter>Header Files</Filter>
    </ClInclude>
    <ClInclude Include="PolyMabezat.h">
      <Filter>Header Files</Filter>
    </ClInclude>
    <ClInclude Include="PolyMinit.h">
      <Filter>Header Files</Filter>
    </ClInclude>
    <ClInclude Include="PolymorphicVirus.h">
      <Filter>Header Files</Filter>
    </ClInclude>
    <ClInclude Include="PolyNimnul.h">
      <Filter>Header Files</Filter>
    </ClInclude>
    <ClInclude Include="PolyParite.h">
      <Filter>Header Files</Filter>
    </ClInclude>
    <ClInclude Include="PolyPayBack.h">
      <Filter>Header Files</Filter>
    </ClInclude>
    <ClInclude Include="PolyPioneer.h">
      <Filter>Header Files</Filter>
    </ClInclude>
    <ClInclude Include="PolyPolip.h">
      <Filter>Header Files</Filter>
    </ClInclude>
    <ClInclude Include="PolyPolyK.h">
      <Filter>Header Files</Filter>
    </ClInclude>
    <ClInclude Include="PolyRainSong.h">
      <Filter>Header Files</Filter>
    </ClInclude>
    <ClInclude Include="PolyRansom.h">
      <Filter>Header Files</Filter>
    </ClInclude>
    <ClInclude Include="PolySality.h">
      <Filter>Header Files</Filter>
    </ClInclude>
    <ClInclude Include="PolySfcer.h">
      <Filter>Header Files</Filter>
    </ClInclude>
    <ClInclude Include="PolySilcer.h">
      <Filter>Header Files</Filter>
    </ClInclude>
    <ClInclude Include="PolyTDSS.h">
      <Filter>Header Files</Filter>
    </ClInclude>
    <ClInclude Include="PolyThorin.h">
      <Filter>Header Files</Filter>
    </ClInclude>
    <ClInclude Include="PolyTrojanPatched.h">
      <Filter>Header Files</Filter>
    </ClInclude>
    <ClInclude Include="PolyTrojans64.h">
      <Filter>Header Files</Filter>
    </ClInclude>
    <ClInclude Include="PolyTvido.h">
      <Filter>Header Files</Filter>
    </ClInclude>
    <ClInclude Include="PolyVampiro.h">
      <Filter>Header Files</Filter>
    </ClInclude>
    <ClInclude Include="PolyVirut.h">
      <Filter>Header Files</Filter>
    </ClInclude>
    <ClInclude Include="PolyVulcas.h">
      <Filter>Header Files</Filter>
    </ClInclude>
    <ClInclude Include="PolyXorer.h">
      <Filter>Header Files</Filter>
    </ClInclude>
    <ClInclude Include="PolyXpaj.h">
      <Filter>Header Files</Filter>
    </ClInclude>
    <ClInclude Include="PolyXpajA.h">
      <Filter>Header Files</Filter>
    </ClInclude>
    <ClInclude Include="PolyZMorph.h">
      <Filter>Header Files</Filter>
    </ClInclude>
    <ClInclude Include="PolyZperm.h">
      <Filter>Header Files</Filter>
    </ClInclude>
    <ClInclude Include="PolyZperMorph.h">
      <Filter>Header Files</Filter>
    </ClInclude>
    <ClInclude Include="resource.h">
      <Filter>Header Files</Filter>
    </ClInclude>
    <ClInclude Include="SemiPoly.h">
      <Filter>Header Files</Filter>
    </ClInclude>
    <ClInclude Include="SemiPolyDBScn.h">
      <Filter>Header Files</Filter>
    </ClInclude>
    <ClInclude Include="SemiPolyTrojans.h">
      <Filter>Header Files</Filter>
    </ClInclude>
    <ClInclude Include="pch.h">
      <Filter>Header Files</Filter>
    </ClInclude>
    <ClInclude Include="Trojans.h">
      <Filter>Header Files</Filter>
    </ClInclude>
    <ClInclude Include="Variables.h">
      <Filter>Header Files</Filter>
    </ClInclude>
    <ClInclude Include="..\..\..\Max Secure\Source\Common\System\MaxExceptionFilter.h">
      <Filter>System</Filter>
    </ClInclude>
    <ClInclude Include="..\..\..\Max Secure\Source\Common\BalBst\BalBST.h">
      <Filter>BalBST</Filter>
    </ClInclude>
    <ClInclude Include="..\..\..\Max Secure\Source\Common\BalBst\BalBSTOpt.h">
      <Filter>BalBST</Filter>
    </ClInclude>
    <ClInclude Include="..\..\..\Max Secure\Source\Common\BalBst\BufferToStructure.h">
      <Filter>BalBST</Filter>
    </ClInclude>
    <ClInclude Include="..\..\..\Max Secure\Source\Common\BalBst\PtrStack.h">
      <Filter>BalBST</Filter>
    </ClInclude>
    <ClInclude Include="..\..\..\Max Secure\Source\Common\BalBst\S2S.h">
      <Filter>BalBST</Filter>
    </ClInclude>
    <ClInclude Include="..\..\..\Max Secure\Source\Common\BalBst\U2U.h">
      <Filter>BalBST</Filter>
    </ClInclude>
    <ClInclude Include="..\..\..\NIH\Source\UnPackers\depacks.h">
      <Filter>Common</Filter>
    </ClInclude>
    <ClInclude Include="..\..\..\Max Secure\Source\Common\MaxScanner\Emulate.h">
      <Filter>Common</Filter>
    </ClInclude>
    <ClInclude Include="..\Common\MaxBMAlgo.h">
      <Filter>Common</Filter>
    </ClInclude>
    <ClInclude Include="..\..\..\Max Secure\Source\Common\MaxScanner\MaxPEFile.h">
      <Filter>Common</Filter>
    </ClInclude>
    <ClInclude Include="..\Common\TimeOutMgr.h">
      <Filter>Common</Filter>
    </ClInclude>
    <ClInclude Include="..\MaxAVDBScan\SecSigDB.h">
      <Filter>DBScanner</Filter>
    </ClInclude>
    <ClInclude Include="..\MaxAVDBScan\TreeManager.h">
      <Filter>DBScanner</Filter>
    </ClInclude>
    <ClInclude Include="..\MaxAVDBScan\TreeMemManager.h">
      <Filter>DBScanner</Filter>
    </ClInclude>
    <ClInclude Include="..\..\..\Max Secure\Source\Common\Utils\Resmd5.h">
      <Filter>Utils</Filter>
    </ClInclude>
  </ItemGroup>
  <ItemGroup>
    <ResourceCompile Include="MaxAVPMScan.rc">
      <Filter>Resource Files</Filter>
    </ResourceCompile>
  </ItemGroup>
</Project>